
Microsoft Visual Studio Solution File, Format Version 12.00
# Visual Studio Version 16
VisualStudioVersion = 16.0.30406.217
MinimumVisualStudioVersion = 10.0.40219.1
Project("{9A19103F-16F7-4668-BE54-9A1E7A4F7556}") = "Csharp-Prog", "Csharp-Prog.csproj", "{BFCD63E7-716D-461F-82AA-B09B75C1B3D4}"
EndProject
Project("{2150E333-8FDC-42A3-9474-1A3956D46DE8}") = "Chapter 3", "Chapter 3", "{275E05C9-C05C-4ADF-B061-7EFA12587572}"
EndProject
Project("{2150E333-8FDC-42A3-9474-1A3956D46DE8}") = "Chapter 4", "Chapter 4", "{A02FB4E7-237B-4893-B7C2-B55D0ADBD418}"
EndProject
Project("{9A19103F-16F7-4668-BE54-9A1E7A4F7556}") = "4-8", "..\4-8\4-8.csproj", "{5EA60AF8-2325-46DF-9C44-BD94F604B2F6}"
EndProject
Project("{9A19103F-16F7-4668-BE54-9A1E7A4F7556}") = "4-9", "..\4-9\4-9.csproj", "{F8CBBFB6-6312-4505-AA88-821E03942F0C}"
EndProject
Project("{9A19103F-16F7-4668-BE54-9A1E7A4F7556}") = "4-13", "..\4-13\4-13.csproj", "{E9FD5381-58BB-44F6-B9A6-33AEF1EA0F93}"
EndProject
Project("{9A19103F-16F7-4668-BE54-9A1E7A4F7556}") = "4-12", "..\4-12\4-12.csproj", "{256FB126-3FF5-476D-9DA5-92986F70BA8E}"
EndProject
Project("{2150E333-8FDC-42A3-9474-1A3956D46DE8}") = "Chapter 5", "Chapter 5", "{20FFC931-492D-428F-9C45-22B5EC93CDF2}"
EndProject
Project("{9A19103F-16F7-4668-BE54-9A1E7A4F7556}") = "5-6", "..\5-6\5-6.csproj", "{48C032A8-504C-4BD5-AB7C-3F35194BD746}"
EndProject
Project("{9A19103F-16F7-4668-BE54-9A1E7A4F7556}") = "5-16", "..\5-16\5-16.csproj", "{5F4E2A6B-2B9B-49B4-A8CB-7DCA851F56EC}"
EndProject
Project("{2150E333-8FDC-42A3-9474-1A3956D46DE8}") = "Chapter 6", "Chapter 6", "{868E0946-E601-4C69-B590-576B8EE4C4F1}"
EndProject
Project("{9A19103F-16F7-4668-BE54-9A1E7A4F7556}") = "6-1", "..\6-1\6-1.csproj", "{F17FB97E-0DF9-4BBE-B4DA-2933079CA6F5}"
EndProject
Project("{9A19103F-16F7-4668-BE54-9A1E7A4F7556}") = "6-2", "..\6-2\6-2.csproj", "{1DD7B32D-EB84-40E6-910C-6E8F96FB95AF}"
EndProject
Project("{9A19103F-16F7-4668-BE54-9A1E7A4F7556}") = "6-5", "..\6-5\6-5.csproj", "{E5CB01C8-D0B0-45AC-AF88-ABA22FB1EB00}"
EndProject
Project("{9A19103F-16F7-4668-BE54-9A1E7A4F7556}") = "6-6", "..\6-6\6-6.csproj", "{288CAF00-A6D2-4A06-882D-53854E6678C7}"
EndProject
Project("{9A19103F-16F7-4668-BE54-9A1E7A4F7556}") = "6.7", "..\6.7\6.7.csproj", "{C03D641F-E647-48DD-A874-C99123861D3A}"
EndProject
Project("{9A19103F-16F7-4668-BE54-9A1E7A4F7556}") = "6.9", "..\6.9\6.9.csproj", "{CBD14DCD-1B34-4926-8214-A2C57307D824}"
EndProject
Project("{9A19103F-16F7-4668-BE54-9A1E7A4F7556}") = "6.11", "..\6.11\6.11.csproj", "{1B23FF3B-9619-4351-8363-6F31EADF6A06}"
EndProject
Project("{9A19103F-16F7-4668-BE54-9A1E7A4F7556}") = "6.12", "..\6.12\6.12.csproj", "{D134E94E-F00C-435F-8402-8FA46E71A3CA}"
EndProject
Project("{9A19103F-16F7-4668-BE54-9A1E7A4F7556}") = "6.13", "..\6.13\6.13.csproj", "{2518CD73-6505-4DFC-B2BE-34A536CD7A38}"
EndProject
Project("{9A19103F-16F7-4668-BE54-9A1E7A4F7556}") = "6.14", "..\6.14\6.14.csproj", "{B62DE9C0-DF2A-4B73-A862-AF0740CE85B0}"
EndProject
Project("{9A19103F-16F7-4668-BE54-9A1E7A4F7556}") = "6.19", "..\6.19\6.19.csproj", "{91A9F2A4-5F0C-43DC-BA27-BBCA2AD6A1C9}"
EndProject
Project("{2150E333-8FDC-42A3-9474-1A3956D46DE8}") = "Chapter 7", "Chapter 7", "{487BD460-D745-46B8-A1EA-5857BDB72EE2}"
EndProject
Project("{9A19103F-16F7-4668-BE54-9A1E7A4F7556}") = "7.3", "..\7.3\7.3.csproj", "{D507C3F2-7013-435F-BF91-6E60F11E061F}"
EndProject
Project("{9A19103F-16F7-4668-BE54-9A1E7A4F7556}") = "7.6", "..\7.6\7.6.csproj", "{588B4892-D5C3-4D59-B3F5-BE4CDFE482D8}"
EndProject
Project("{9A19103F-16F7-4668-BE54-9A1E7A4F7556}") = "7.7", "..\7.7\7.7.csproj", "{9F397EA6-CFDE-4263-B75B-364E28FCE739}"
EndProject
Project("{9A19103F-16F7-4668-BE54-9A1E7A4F7556}") = "7.8", "..\7.8\7.8.csproj", "{51F3317A-9785-48B1-8727-CEF5C26051D0}"
EndProject
Project("{9A19103F-16F7-4668-BE54-9A1E7A4F7556}") = "7.9", "..\7.9\7.9.csproj", "{65AF7F83-6205-4DD2-B918-BC51529045FD}"
EndProject
Project("{9A19103F-16F7-4668-BE54-9A1E7A4F7556}") = "7.10", "..\7.10\7.10.csproj", "{E6737A44-C74A-4AB3-97F1-7E7C1700CA3B}"
EndProject
Project("{9A19103F-16F7-4668-BE54-9A1E7A4F7556}") = "7.14", "..\7.14\7.14.csproj", "{9E67D620-B7F3-4E1A-8FE9-2D010A1DE7FB}"
EndProject
Project("{9A19103F-16F7-4668-BE54-9A1E7A4F7556}") = "7.15", "..\7.15\7.15.csproj", "{09B5890F-0ED2-486B-97DF-2758F98FFBEE}"
EndProject
Project("{9A19103F-16F7-4668-BE54-9A1E7A4F7556}") = "7.17", "..\7.17\7.17.csproj", "{9B0D5539-5890-45CC-A8B9-07A7A3D65181}"
EndProject
Project("{9A19103F-16F7-4668-BE54-9A1E7A4F7556}") = "7.20", "..\7.20\7.20.csproj", "{E039F83B-DB1B-4FED-A33A-EE16F71AFD33}"
EndProject
Project("{2150E333-8FDC-42A3-9474-1A3956D46DE8}") = "Chapter 8", "Chapter 8", "{E198B53E-36FC-4854-B3C3-3996E662D7E0}"
EndProject
Project("{9A19103F-16F7-4668-BE54-9A1E7A4F7556}") = "8.2", "..\8.2\8.2.csproj", "{ADE73B0A-C6F5-41B7-ABDF-D8E0648DCB25}"
EndProject
Project("{9A19103F-16F7-4668-BE54-9A1E7A4F7556}") = "8.3", "..\8.3\8.3.csproj", "{7738D4E6-FCFD-4551-AE9B-C0F297F7793D}"
EndProject
Project("{9A19103F-16F7-4668-BE54-9A1E7A4F7556}") = "8.4", "..\8.4\8.4.csproj", "{70C82973-3DA5-42E7-A851-5A342F836365}"
EndProject
Project("{9A19103F-16F7-4668-BE54-9A1E7A4F7556}") = "8.5", "..\8.5\8.5.csproj", "{A44EF421-E221-4DBD-9265-27DA73D14827}"
EndProject
Project("{9A19103F-16F7-4668-BE54-9A1E7A4F7556}") = "8.6", "..\8.6\8.6.csproj", "{ACDD67C9-60E4-474F-8DAF-05688E764356}"
EndProject
Project("{9A19103F-16F7-4668-BE54-9A1E7A4F7556}") = "8.7", "..\8.7\8.7.csproj", "{4F16B786-2B65-48BB-8609-7563A6F90710}"
EndProject
Project("{9A19103F-16F7-4668-BE54-9A1E7A4F7556}") = "8.8", "..\8.8\8.8.csproj", "{D3116065-4790-4EFA-8D1A-20D82D1377DE}"
EndProject
Project("{9A19103F-16F7-4668-BE54-9A1E7A4F7556}") = "8.9", "..\8.9\8.9.csproj", "{536B626F-7B14-46DA-B85E-C44E5745BEB9}"
EndProject
Project("{9A19103F-16F7-4668-BE54-9A1E7A4F7556}") = "8.10", "..\8.10\8.10.csproj", "{8BC36E88-879E-4B78-8840-09AAD53B250B}"
EndProject
Project("{9A19103F-16F7-4668-BE54-9A1E7A4F7556}") = "8.11", "..\8.11\8.11.csproj", "{C2CAD5BA-3C4D-474C-B9E1-C5B2AA28CA66}"
EndProject
Project("{9A19103F-16F7-4668-BE54-9A1E7A4F7556}") = "3.1", "..\3.1\3.1.csproj", "{8BF7D96E-AFAE-4127-B0A3-B97DB5B82CCA}"
EndProject
Project("{9A19103F-16F7-4668-BE54-9A1E7A4F7556}") = "3.10", "..\3.10\3.10.csproj", "{EECF7215-9D5C-4071-A1D5-555698F1478D}"
EndProject
Project("{9A19103F-16F7-4668-BE54-9A1E7A4F7556}") = "3.11", "..\3.11\3.11.csproj", "{63F751EC-E1D4-4F6B-9EBD-90DE87A0A1FE}"
EndProject
Project("{9A19103F-16F7-4668-BE54-9A1E7A4F7556}") = "3.13", "..\3.13\3.13.csproj", "{A53CDE85-0946-4D82-B4DA-56A57B1B00F5}"
EndProject
Project("{9A19103F-16F7-4668-BE54-9A1E7A4F7556}") = "3.14", "..\3.14\3.14.csproj", "{4F9163CD-CE71-46C0-8207-C964A2FEA774}"
EndProject
Project("{9A19103F-16F7-4668-BE54-9A1E7A4F7556}") = "3.22", "..\3.22\3.22.csproj", "{2B9107B0-2877-4AE5-9D2E-12F5D2A741B2}"
EndProject
Project("{9A19103F-16F7-4668-BE54-9A1E7A4F7556}") = "DisplayingNumbers", "..\DisplayingNumbers\DisplayingNumbers.csproj", "{17CCCBA0-9624-45C7-A342-06473EA96612}"
EndProject
Project("{9A19103F-16F7-4668-BE54-9A1E7A4F7556}") = "Arithmetic", "..\Arithmetic\Arithmetic.csproj", "{1EDD8D1D-3DBC-4A20-B21E-8D0031C79EB9}"
EndProject
Project("{9A19103F-16F7-4668-BE54-9A1E7A4F7556}") = "ComparingIntegers", "..\ComparingIntegers\ComparingIntegers.csproj", "{77B2F8F4-89E6-4365-8552-560CDFB735B1}"
EndProject
Project("{9A19103F-16F7-4668-BE54-9A1E7A4F7556}") = "ArithSmallLarge", "..\ArithSmallLarge\ArithSmallLarge.csproj", "{AE794976-5F4C-49DD-A8A5-9FAA6CCE9878}"
EndProject
Project("{9A19103F-16F7-4668-BE54-9A1E7A4F7556}") = "Figures", "..\Figures\Figures.csproj", "{DDF32C77-462E-4EFC-AE40-B63A09140042}"
EndProject
Project("{9A19103F-16F7-4668-BE54-9A1E7A4F7556}") = "OddorEven", "..\OddorEven\OddorEven.csproj", "{2182B7AF-E9B1-41F2-854A-8B9377F4B7E4}"
EndProject
Project("{9A19103F-16F7-4668-BE54-9A1E7A4F7556}") = "Multiples", "..\Multiples\Multiples.csproj", "{95DB9DEB-2F39-496C-8058-6E1B796CD9C8}"
EndProject
Project("{9A19103F-16F7-4668-BE54-9A1E7A4F7556}") = "Circle", "..\Circle\Circle.csproj", "{482197F2-66A6-434B-8FB8-208838D7FFDB}"
EndProject
Project("{9A19103F-16F7-4668-BE54-9A1E7A4F7556}") = "IntegerEquivalent", "..\IntegerEquivalent\IntegerEquivalent.csproj", "{30D1940C-4BF6-4B31-96FB-80E8E3CB9154}"
EndProject
Project("{9A19103F-16F7-4668-BE54-9A1E7A4F7556}") = "DigitsInteger", "..\DigitsInteger\DigitsInteger.csproj", "{751A5390-465F-42C2-8C52-F691540EAB71}"
EndProject
Project("{9A19103F-16F7-4668-BE54-9A1E7A4F7556}") = "4.1", "..\4.1\4.1.csproj", "{D9E3EFA8-9F31-408E-BF27-F3568D24261E}"
EndProject
Project("{9A19103F-16F7-4668-BE54-9A1E7A4F7556}") = "4.5", "..\4.5\4.5.csproj", "{5F687C63-33F4-43F4-B430-6663006AE83E}"
EndProject
Project("{9A19103F-16F7-4668-BE54-9A1E7A4F7556}") = "4.8", "..\4.8\4.8.csproj", "{31825903-8114-4C01-A58A-9668E3C806C6}"
EndProject
Project("{9A19103F-16F7-4668-BE54-9A1E7A4F7556}") = "4.13", "..\4.13\4.13.csproj", "{0B12EBE8-B8AC-431C-9A6E-C410487018D3}"
EndProject
Project("{9A19103F-16F7-4668-BE54-9A1E7A4F7556}") = "5.5", "..\5.5\5.5.csproj", "{1FA46274-BA0D-4ACC-A184-529011F2BB66}"
EndProject
Project("{9A19103F-16F7-4668-BE54-9A1E7A4F7556}") = "5.6", "..\5.6\5.6.csproj", "{9E9ABE4F-3959-4337-BEF8-5E02E29A0EE4}"
EndProject
Project("{9A19103F-16F7-4668-BE54-9A1E7A4F7556}") = "5.9", "..\5.9\5.9.csproj", "{49885111-323D-4AD9-8E51-4E5FF2A61989}"
EndProject
Project("{9A19103F-16F7-4668-BE54-9A1E7A4F7556}") = "5.11", "..\5.11\5.11.csproj", "{3A844FB5-F3BB-4607-8470-CDA652D5EBA7}"
EndProject
Project("{9A19103F-16F7-4668-BE54-9A1E7A4F7556}") = "5.13", "..\5.13\5.13.csproj", "{9FE4666B-F170-4495-B08A-1C9F03CC6F91}"
EndProject
Project("{9A19103F-16F7-4668-BE54-9A1E7A4F7556}") = "5.16", "..\5.16\5.16.csproj", "{5FF7B447-2BA0-423B-9378-23D32F07B0CC}"
EndProject
Project("{9A19103F-16F7-4668-BE54-9A1E7A4F7556}") = "GasMileage", "..\GasMileage\GasMileage.csproj", "{168A0B89-0786-42FF-B675-8DBD18AAB11B}"
EndProject
Project("{9A19103F-16F7-4668-BE54-9A1E7A4F7556}") = "CreditLimitCalculator", "..\CreditLimitCalculator\CreditLimitCalculator.csproj", "{1593D70F-B1B2-4B5C-A5C4-D26BFEFF12D4}"
EndProject
Project("{9A19103F-16F7-4668-BE54-9A1E7A4F7556}") = "SalesCommissionCalculator", "..\SalesCommissionCalculator\SalesCommissionCalculator.csproj", "{6A09EF4F-11BE-4046-8E53-071D57D45D01}"
EndProject
Project("{9A19103F-16F7-4668-BE54-9A1E7A4F7556}") = "SalaryCalculator", "..\SalaryCalculator\SalaryCalculator.csproj", "{14194A0A-AD0C-4A3D-B181-5C4986A2FA2A}"
EndProject
Project("{9A19103F-16F7-4668-BE54-9A1E7A4F7556}") = "FindLargerstNumber", "..\FindLargerstNumber\FindLargerstNumber.csproj", "{417AF3EE-9A14-4D29-9508-2C24C49265D9}"
EndProject
Project("{9A19103F-16F7-4668-BE54-9A1E7A4F7556}") = "TabularOutput", "..\TabularOutput\TabularOutput.csproj", "{BFAFFC4F-135F-4D2A-B2B7-6E723DFA9E2C}"
EndProject
Project("{9A19103F-16F7-4668-BE54-9A1E7A4F7556}") = "Find2LargestNumbers", "..\Find2LargestNumbers\Find2LargestNumbers.csproj", "{3C3DF396-FC5D-4696-A539-4A5068728070}"
EndProject
Project("{9A19103F-16F7-4668-BE54-9A1E7A4F7556}") = "ValidateUserInput", "..\ValidateUserInput\ValidateUserInput.csproj", "{7017870D-4051-44D9-A798-5B4AB501BA0C}"
EndProject
Project("{9A19103F-16F7-4668-BE54-9A1E7A4F7556}") = "5.25 Mistery Pattern", "..\5.25\5.25 Mistery Pattern.csproj", "{A92CDFF8-E8AC-401A-A644-E63F71A17214}"
EndProject
Project("{9A19103F-16F7-4668-BE54-9A1E7A4F7556}") = "5.26 Arrows right left", "..\5.26\5.26 Arrows right left.csproj", "{6D59D8A8-25C5-43E4-B388-F2B985CE81C3}"
EndProject
Project("{9A19103F-16F7-4668-BE54-9A1E7A4F7556}") = "Hollow", "..\Hollow\Hollow.csproj", "{5A30213E-DC6B-4C63-A7FF-F55EFD83F46C}"
EndProject
Project("{9A19103F-16F7-4668-BE54-9A1E7A4F7556}") = "5.29", "..\5.29\5.29.csproj", "{6DB5D6A5-225E-442A-A474-CCDC21463F5F}"
EndProject
Project("{9A19103F-16F7-4668-BE54-9A1E7A4F7556}") = "Palindromes", "..\Palindromes\Palindromes.csproj", "{380E907E-E35D-4FCE-93EC-6CC1B9F62A65}"
EndProject
Project("{9A19103F-16F7-4668-BE54-9A1E7A4F7556}") = "Binary", "..\Binary\Binary.csproj", "{68C52A6A-02A5-4984-AD7D-63FF52030F34}"
EndProject
Project("{9A19103F-16F7-4668-BE54-9A1E7A4F7556}") = "5.41-A", "..\5.41-A\5.41-A.csproj", "{F685D803-216A-4E98-B011-5120CB691B61}"
EndProject
Project("{9A19103F-16F7-4668-BE54-9A1E7A4F7556}") = "5.41-B", "..\5.41-B\5.41-B.csproj", "{1C08C976-E55F-41AB-B31C-F4ABB2F83C90}"
EndProject
Project("{9A19103F-16F7-4668-BE54-9A1E7A4F7556}") = "5.40 World Pop", "..\5.40\5.40 World Pop.csproj", "{34533D3A-6F07-4CA4-B1E3-AFAD293EFC4C}"
EndProject
Project("{9A19103F-16F7-4668-BE54-9A1E7A4F7556}") = "5.39 Exponential", "..\5.39\5.39 Exponential.csproj", "{6EB9957A-6367-4E73-A3D5-676A500CDEF2}"
EndProject
Project("{9A19103F-16F7-4668-BE54-9A1E7A4F7556}") = "5.38 e", "..\5.38\5.38 e.csproj", "{3F30F16A-252D-4545-93A5-A44C594E7FA9}"
EndProject
Project("{9A19103F-16F7-4668-BE54-9A1E7A4F7556}") = "5.37 Factorial", "..\5.37\5.37 Factorial.csproj", "{8EFA14A8-EB2D-4E2E-B2D3-58A0F35E9324}"
EndProject
Project("{9A19103F-16F7-4668-BE54-9A1E7A4F7556}") = "5.36 Right Triangle", "..\5.36\5.36 Right Triangle.csproj", "{60DA71E8-61A0-4180-A22C-6CBD25EFA0DE}"
EndProject
Project("{9A19103F-16F7-4668-BE54-9A1E7A4F7556}") = "5.35 Sides Triangle", "..\5.35\5.35 Sides Triangle.csproj", "{F17E0386-E4AD-4FC7-9668-501C70D0724F}"
EndProject
Project("{9A19103F-16F7-4668-BE54-9A1E7A4F7556}") = "5.33 Power", "..\5.33\5.33 Power.csproj", "{85648368-5A66-404F-B7FB-BB501C8820E4}"
EndProject
Project("{9A19103F-16F7-4668-BE54-9A1E7A4F7556}") = "5.32 Checkboard", "..\5.32\5.32 Checkboard.csproj", "{41632737-C6C5-4E26-8E63-DCD30F3328EC}"
EndProject
Project("{9A19103F-16F7-4668-BE54-9A1E7A4F7556}") = "class001", "..\class001\class001.csproj", "{CF49959F-F1D1-4E14-9028-2760F39B2BB4}"
EndProject
Project("{9A19103F-16F7-4668-BE54-9A1E7A4F7556}") = "StudentGrade2", "..\StudentGrade2\StudentGrade2.csproj", "{08780F14-AC19-4237-BF80-BB9CE4F8CA82}"
EndProject
Project("{FAE04EC0-301F-11D3-BF4B-00C04F79EFBC}") = "Pinos", "..\Pinos\Pinos.csproj", "{321E1AF0-92D3-4A1C-8D37-4126B7C45109}"
EndProject
Project("{FAE04EC0-301F-11D3-BF4B-00C04F79EFBC}") = "AscendingFillers", "..\AscendingFillers\AscendingFillers.csproj", "{827B6A08-74C8-4AD1-9DFC-561E021CE51A}"
EndProject
Project("{FAE04EC0-301F-11D3-BF4B-00C04F79EFBC}") = "CheckboardPattern", "..\CheckboardPattern\CheckboardPattern.csproj", "{19C97F5F-AF87-4F40-AF3B-A14C70075C4D}"
EndProject
Project("{FAE04EC0-301F-11D3-BF4B-00C04F79EFBC}") = "CountClumps", "..\CountClumps\CountClumps.csproj", "{DE33AF65-F423-483D-BDAE-FA1C002368E5}"
EndProject
Project("{FAE04EC0-301F-11D3-BF4B-00C04F79EFBC}") = "SquareUp", "..\SquareUp\SquareUp.csproj", "{1B5B9068-22FE-4488-A8F7-C9C6D1462D77}"
EndProject
Project("{FAE04EC0-301F-11D3-BF4B-00C04F79EFBC}") = "PositiveInts", "..\PositiveInts\PositiveInts.csproj", "{94892C2B-444A-4E55-8707-C0FF310D89E1}"
EndProject
Project("{FAE04EC0-301F-11D3-BF4B-00C04F79EFBC}") = "OddNumbers", "..\OddNumbers\OddNumbers.csproj", "{B816BF3F-9DC4-4BAF-A256-1C5049EE6875}"
EndProject
Project("{FAE04EC0-301F-11D3-BF4B-00C04F79EFBC}") = "LargestNumbers", "..\LargestNumbers\LargestNumbers.csproj", "{C70D976C-9A02-4D22-BEDC-D27514B237DB}"
EndProject
Project("{FAE04EC0-301F-11D3-BF4B-00C04F79EFBC}") = "FibionacciNumbers", "..\FibionacciNumbers\FibionacciNumbers.csproj", "{1CEA0718-D87D-4DC9-8AD3-90A61B3A9C10}"
EndProject
Project("{FAE04EC0-301F-11D3-BF4B-00C04F79EFBC}") = "IntegerPalindromes", "..\IntegerPalindromes\IntegerPalindromes.csproj", "{7D3F0B7C-480F-4539-B964-96FD5E9E3939}"
EndProject
Project("{FAE04EC0-301F-11D3-BF4B-00C04F79EFBC}") = "Ex06-03-a", "..\Ex06-03\Ex06-03-a.csproj", "{78A0F77F-3AA0-4022-9728-40F40D3502AA}"
EndProject
Global
	GlobalSection(SolutionConfigurationPlatforms) = preSolution
		Debug|Any CPU = Debug|Any CPU
		Release|Any CPU = Release|Any CPU
	EndGlobalSection
	GlobalSection(ProjectConfigurationPlatforms) = postSolution
		{BFCD63E7-716D-461F-82AA-B09B75C1B3D4}.Debug|Any CPU.ActiveCfg = Debug|Any CPU
		{BFCD63E7-716D-461F-82AA-B09B75C1B3D4}.Debug|Any CPU.Build.0 = Debug|Any CPU
		{BFCD63E7-716D-461F-82AA-B09B75C1B3D4}.Release|Any CPU.ActiveCfg = Release|Any CPU
		{BFCD63E7-716D-461F-82AA-B09B75C1B3D4}.Release|Any CPU.Build.0 = Release|Any CPU
		{5EA60AF8-2325-46DF-9C44-BD94F604B2F6}.Debug|Any CPU.ActiveCfg = Debug|Any CPU
		{5EA60AF8-2325-46DF-9C44-BD94F604B2F6}.Debug|Any CPU.Build.0 = Debug|Any CPU
		{5EA60AF8-2325-46DF-9C44-BD94F604B2F6}.Release|Any CPU.ActiveCfg = Release|Any CPU
		{5EA60AF8-2325-46DF-9C44-BD94F604B2F6}.Release|Any CPU.Build.0 = Release|Any CPU
		{F8CBBFB6-6312-4505-AA88-821E03942F0C}.Debug|Any CPU.ActiveCfg = Debug|Any CPU
		{F8CBBFB6-6312-4505-AA88-821E03942F0C}.Debug|Any CPU.Build.0 = Debug|Any CPU
		{F8CBBFB6-6312-4505-AA88-821E03942F0C}.Release|Any CPU.ActiveCfg = Release|Any CPU
		{F8CBBFB6-6312-4505-AA88-821E03942F0C}.Release|Any CPU.Build.0 = Release|Any CPU
		{E9FD5381-58BB-44F6-B9A6-33AEF1EA0F93}.Debug|Any CPU.ActiveCfg = Debug|Any CPU
		{E9FD5381-58BB-44F6-B9A6-33AEF1EA0F93}.Debug|Any CPU.Build.0 = Debug|Any CPU
		{E9FD5381-58BB-44F6-B9A6-33AEF1EA0F93}.Release|Any CPU.ActiveCfg = Release|Any CPU
		{E9FD5381-58BB-44F6-B9A6-33AEF1EA0F93}.Release|Any CPU.Build.0 = Release|Any CPU
		{256FB126-3FF5-476D-9DA5-92986F70BA8E}.Debug|Any CPU.ActiveCfg = Debug|Any CPU
		{256FB126-3FF5-476D-9DA5-92986F70BA8E}.Debug|Any CPU.Build.0 = Debug|Any CPU
		{256FB126-3FF5-476D-9DA5-92986F70BA8E}.Release|Any CPU.ActiveCfg = Release|Any CPU
		{256FB126-3FF5-476D-9DA5-92986F70BA8E}.Release|Any CPU.Build.0 = Release|Any CPU
		{48C032A8-504C-4BD5-AB7C-3F35194BD746}.Debug|Any CPU.ActiveCfg = Debug|Any CPU
		{48C032A8-504C-4BD5-AB7C-3F35194BD746}.Debug|Any CPU.Build.0 = Debug|Any CPU
		{48C032A8-504C-4BD5-AB7C-3F35194BD746}.Release|Any CPU.ActiveCfg = Release|Any CPU
		{48C032A8-504C-4BD5-AB7C-3F35194BD746}.Release|Any CPU.Build.0 = Release|Any CPU
		{5F4E2A6B-2B9B-49B4-A8CB-7DCA851F56EC}.Debug|Any CPU.ActiveCfg = Debug|Any CPU
		{5F4E2A6B-2B9B-49B4-A8CB-7DCA851F56EC}.Debug|Any CPU.Build.0 = Debug|Any CPU
		{5F4E2A6B-2B9B-49B4-A8CB-7DCA851F56EC}.Release|Any CPU.ActiveCfg = Release|Any CPU
		{5F4E2A6B-2B9B-49B4-A8CB-7DCA851F56EC}.Release|Any CPU.Build.0 = Release|Any CPU
		{F17FB97E-0DF9-4BBE-B4DA-2933079CA6F5}.Debug|Any CPU.ActiveCfg = Debug|Any CPU
		{F17FB97E-0DF9-4BBE-B4DA-2933079CA6F5}.Debug|Any CPU.Build.0 = Debug|Any CPU
		{F17FB97E-0DF9-4BBE-B4DA-2933079CA6F5}.Release|Any CPU.ActiveCfg = Release|Any CPU
		{F17FB97E-0DF9-4BBE-B4DA-2933079CA6F5}.Release|Any CPU.Build.0 = Release|Any CPU
		{1DD7B32D-EB84-40E6-910C-6E8F96FB95AF}.Debug|Any CPU.ActiveCfg = Debug|Any CPU
		{1DD7B32D-EB84-40E6-910C-6E8F96FB95AF}.Debug|Any CPU.Build.0 = Debug|Any CPU
		{1DD7B32D-EB84-40E6-910C-6E8F96FB95AF}.Release|Any CPU.ActiveCfg = Release|Any CPU
		{1DD7B32D-EB84-40E6-910C-6E8F96FB95AF}.Release|Any CPU.Build.0 = Release|Any CPU
		{E5CB01C8-D0B0-45AC-AF88-ABA22FB1EB00}.Debug|Any CPU.ActiveCfg = Debug|Any CPU
		{E5CB01C8-D0B0-45AC-AF88-ABA22FB1EB00}.Debug|Any CPU.Build.0 = Debug|Any CPU
		{E5CB01C8-D0B0-45AC-AF88-ABA22FB1EB00}.Release|Any CPU.ActiveCfg = Release|Any CPU
		{E5CB01C8-D0B0-45AC-AF88-ABA22FB1EB00}.Release|Any CPU.Build.0 = Release|Any CPU
		{288CAF00-A6D2-4A06-882D-53854E6678C7}.Debug|Any CPU.ActiveCfg = Debug|Any CPU
		{288CAF00-A6D2-4A06-882D-53854E6678C7}.Debug|Any CPU.Build.0 = Debug|Any CPU
		{288CAF00-A6D2-4A06-882D-53854E6678C7}.Release|Any CPU.ActiveCfg = Release|Any CPU
		{288CAF00-A6D2-4A06-882D-53854E6678C7}.Release|Any CPU.Build.0 = Release|Any CPU
		{C03D641F-E647-48DD-A874-C99123861D3A}.Debug|Any CPU.ActiveCfg = Debug|Any CPU
		{C03D641F-E647-48DD-A874-C99123861D3A}.Debug|Any CPU.Build.0 = Debug|Any CPU
		{C03D641F-E647-48DD-A874-C99123861D3A}.Release|Any CPU.ActiveCfg = Release|Any CPU
		{C03D641F-E647-48DD-A874-C99123861D3A}.Release|Any CPU.Build.0 = Release|Any CPU
		{CBD14DCD-1B34-4926-8214-A2C57307D824}.Debug|Any CPU.ActiveCfg = Debug|Any CPU
		{CBD14DCD-1B34-4926-8214-A2C57307D824}.Debug|Any CPU.Build.0 = Debug|Any CPU
		{CBD14DCD-1B34-4926-8214-A2C57307D824}.Release|Any CPU.ActiveCfg = Release|Any CPU
		{CBD14DCD-1B34-4926-8214-A2C57307D824}.Release|Any CPU.Build.0 = Release|Any CPU
		{1B23FF3B-9619-4351-8363-6F31EADF6A06}.Debug|Any CPU.ActiveCfg = Debug|Any CPU
		{1B23FF3B-9619-4351-8363-6F31EADF6A06}.Debug|Any CPU.Build.0 = Debug|Any CPU
		{1B23FF3B-9619-4351-8363-6F31EADF6A06}.Release|Any CPU.ActiveCfg = Release|Any CPU
		{1B23FF3B-9619-4351-8363-6F31EADF6A06}.Release|Any CPU.Build.0 = Release|Any CPU
		{D134E94E-F00C-435F-8402-8FA46E71A3CA}.Debug|Any CPU.ActiveCfg = Debug|Any CPU
		{D134E94E-F00C-435F-8402-8FA46E71A3CA}.Debug|Any CPU.Build.0 = Debug|Any CPU
		{D134E94E-F00C-435F-8402-8FA46E71A3CA}.Release|Any CPU.ActiveCfg = Release|Any CPU
		{D134E94E-F00C-435F-8402-8FA46E71A3CA}.Release|Any CPU.Build.0 = Release|Any CPU
		{2518CD73-6505-4DFC-B2BE-34A536CD7A38}.Debug|Any CPU.ActiveCfg = Debug|Any CPU
		{2518CD73-6505-4DFC-B2BE-34A536CD7A38}.Debug|Any CPU.Build.0 = Debug|Any CPU
		{2518CD73-6505-4DFC-B2BE-34A536CD7A38}.Release|Any CPU.ActiveCfg = Release|Any CPU
		{2518CD73-6505-4DFC-B2BE-34A536CD7A38}.Release|Any CPU.Build.0 = Release|Any CPU
		{B62DE9C0-DF2A-4B73-A862-AF0740CE85B0}.Debug|Any CPU.ActiveCfg = Debug|Any CPU
		{B62DE9C0-DF2A-4B73-A862-AF0740CE85B0}.Debug|Any CPU.Build.0 = Debug|Any CPU
		{B62DE9C0-DF2A-4B73-A862-AF0740CE85B0}.Release|Any CPU.ActiveCfg = Release|Any CPU
		{B62DE9C0-DF2A-4B73-A862-AF0740CE85B0}.Release|Any CPU.Build.0 = Release|Any CPU
		{91A9F2A4-5F0C-43DC-BA27-BBCA2AD6A1C9}.Debug|Any CPU.ActiveCfg = Debug|Any CPU
		{91A9F2A4-5F0C-43DC-BA27-BBCA2AD6A1C9}.Debug|Any CPU.Build.0 = Debug|Any CPU
		{91A9F2A4-5F0C-43DC-BA27-BBCA2AD6A1C9}.Release|Any CPU.ActiveCfg = Release|Any CPU
		{91A9F2A4-5F0C-43DC-BA27-BBCA2AD6A1C9}.Release|Any CPU.Build.0 = Release|Any CPU
		{D507C3F2-7013-435F-BF91-6E60F11E061F}.Debug|Any CPU.ActiveCfg = Debug|Any CPU
		{D507C3F2-7013-435F-BF91-6E60F11E061F}.Debug|Any CPU.Build.0 = Debug|Any CPU
		{D507C3F2-7013-435F-BF91-6E60F11E061F}.Release|Any CPU.ActiveCfg = Release|Any CPU
		{D507C3F2-7013-435F-BF91-6E60F11E061F}.Release|Any CPU.Build.0 = Release|Any CPU
		{588B4892-D5C3-4D59-B3F5-BE4CDFE482D8}.Debug|Any CPU.ActiveCfg = Debug|Any CPU
		{588B4892-D5C3-4D59-B3F5-BE4CDFE482D8}.Debug|Any CPU.Build.0 = Debug|Any CPU
		{588B4892-D5C3-4D59-B3F5-BE4CDFE482D8}.Release|Any CPU.ActiveCfg = Release|Any CPU
		{588B4892-D5C3-4D59-B3F5-BE4CDFE482D8}.Release|Any CPU.Build.0 = Release|Any CPU
		{9F397EA6-CFDE-4263-B75B-364E28FCE739}.Debug|Any CPU.ActiveCfg = Debug|Any CPU
		{9F397EA6-CFDE-4263-B75B-364E28FCE739}.Debug|Any CPU.Build.0 = Debug|Any CPU
		{9F397EA6-CFDE-4263-B75B-364E28FCE739}.Release|Any CPU.ActiveCfg = Release|Any CPU
		{9F397EA6-CFDE-4263-B75B-364E28FCE739}.Release|Any CPU.Build.0 = Release|Any CPU
		{51F3317A-9785-48B1-8727-CEF5C26051D0}.Debug|Any CPU.ActiveCfg = Debug|Any CPU
		{51F3317A-9785-48B1-8727-CEF5C26051D0}.Debug|Any CPU.Build.0 = Debug|Any CPU
		{51F3317A-9785-48B1-8727-CEF5C26051D0}.Release|Any CPU.ActiveCfg = Release|Any CPU
		{51F3317A-9785-48B1-8727-CEF5C26051D0}.Release|Any CPU.Build.0 = Release|Any CPU
		{65AF7F83-6205-4DD2-B918-BC51529045FD}.Debug|Any CPU.ActiveCfg = Debug|Any CPU
		{65AF7F83-6205-4DD2-B918-BC51529045FD}.Debug|Any CPU.Build.0 = Debug|Any CPU
		{65AF7F83-6205-4DD2-B918-BC51529045FD}.Release|Any CPU.ActiveCfg = Release|Any CPU
		{65AF7F83-6205-4DD2-B918-BC51529045FD}.Release|Any CPU.Build.0 = Release|Any CPU
		{E6737A44-C74A-4AB3-97F1-7E7C1700CA3B}.Debug|Any CPU.ActiveCfg = Debug|Any CPU
		{E6737A44-C74A-4AB3-97F1-7E7C1700CA3B}.Debug|Any CPU.Build.0 = Debug|Any CPU
		{E6737A44-C74A-4AB3-97F1-7E7C1700CA3B}.Release|Any CPU.ActiveCfg = Release|Any CPU
		{E6737A44-C74A-4AB3-97F1-7E7C1700CA3B}.Release|Any CPU.Build.0 = Release|Any CPU
		{9E67D620-B7F3-4E1A-8FE9-2D010A1DE7FB}.Debug|Any CPU.ActiveCfg = Debug|Any CPU
		{9E67D620-B7F3-4E1A-8FE9-2D010A1DE7FB}.Debug|Any CPU.Build.0 = Debug|Any CPU
		{9E67D620-B7F3-4E1A-8FE9-2D010A1DE7FB}.Release|Any CPU.ActiveCfg = Release|Any CPU
		{9E67D620-B7F3-4E1A-8FE9-2D010A1DE7FB}.Release|Any CPU.Build.0 = Release|Any CPU
		{09B5890F-0ED2-486B-97DF-2758F98FFBEE}.Debug|Any CPU.ActiveCfg = Debug|Any CPU
		{09B5890F-0ED2-486B-97DF-2758F98FFBEE}.Debug|Any CPU.Build.0 = Debug|Any CPU
		{09B5890F-0ED2-486B-97DF-2758F98FFBEE}.Release|Any CPU.ActiveCfg = Release|Any CPU
		{09B5890F-0ED2-486B-97DF-2758F98FFBEE}.Release|Any CPU.Build.0 = Release|Any CPU
		{9B0D5539-5890-45CC-A8B9-07A7A3D65181}.Debug|Any CPU.ActiveCfg = Debug|Any CPU
		{9B0D5539-5890-45CC-A8B9-07A7A3D65181}.Debug|Any CPU.Build.0 = Debug|Any CPU
		{9B0D5539-5890-45CC-A8B9-07A7A3D65181}.Release|Any CPU.ActiveCfg = Release|Any CPU
		{9B0D5539-5890-45CC-A8B9-07A7A3D65181}.Release|Any CPU.Build.0 = Release|Any CPU
		{E039F83B-DB1B-4FED-A33A-EE16F71AFD33}.Debug|Any CPU.ActiveCfg = Debug|Any CPU
		{E039F83B-DB1B-4FED-A33A-EE16F71AFD33}.Debug|Any CPU.Build.0 = Debug|Any CPU
		{E039F83B-DB1B-4FED-A33A-EE16F71AFD33}.Release|Any CPU.ActiveCfg = Release|Any CPU
		{E039F83B-DB1B-4FED-A33A-EE16F71AFD33}.Release|Any CPU.Build.0 = Release|Any CPU
		{ADE73B0A-C6F5-41B7-ABDF-D8E0648DCB25}.Debug|Any CPU.ActiveCfg = Debug|Any CPU
		{ADE73B0A-C6F5-41B7-ABDF-D8E0648DCB25}.Debug|Any CPU.Build.0 = Debug|Any CPU
		{ADE73B0A-C6F5-41B7-ABDF-D8E0648DCB25}.Release|Any CPU.ActiveCfg = Release|Any CPU
		{ADE73B0A-C6F5-41B7-ABDF-D8E0648DCB25}.Release|Any CPU.Build.0 = Release|Any CPU
		{7738D4E6-FCFD-4551-AE9B-C0F297F7793D}.Debug|Any CPU.ActiveCfg = Debug|Any CPU
		{7738D4E6-FCFD-4551-AE9B-C0F297F7793D}.Debug|Any CPU.Build.0 = Debug|Any CPU
		{7738D4E6-FCFD-4551-AE9B-C0F297F7793D}.Release|Any CPU.ActiveCfg = Release|Any CPU
		{7738D4E6-FCFD-4551-AE9B-C0F297F7793D}.Release|Any CPU.Build.0 = Release|Any CPU
		{70C82973-3DA5-42E7-A851-5A342F836365}.Debug|Any CPU.ActiveCfg = Debug|Any CPU
		{70C82973-3DA5-42E7-A851-5A342F836365}.Debug|Any CPU.Build.0 = Debug|Any CPU
		{70C82973-3DA5-42E7-A851-5A342F836365}.Release|Any CPU.ActiveCfg = Release|Any CPU
		{70C82973-3DA5-42E7-A851-5A342F836365}.Release|Any CPU.Build.0 = Release|Any CPU
		{A44EF421-E221-4DBD-9265-27DA73D14827}.Debug|Any CPU.ActiveCfg = Debug|Any CPU
		{A44EF421-E221-4DBD-9265-27DA73D14827}.Debug|Any CPU.Build.0 = Debug|Any CPU
		{A44EF421-E221-4DBD-9265-27DA73D14827}.Release|Any CPU.ActiveCfg = Release|Any CPU
		{A44EF421-E221-4DBD-9265-27DA73D14827}.Release|Any CPU.Build.0 = Release|Any CPU
		{ACDD67C9-60E4-474F-8DAF-05688E764356}.Debug|Any CPU.ActiveCfg = Debug|Any CPU
		{ACDD67C9-60E4-474F-8DAF-05688E764356}.Debug|Any CPU.Build.0 = Debug|Any CPU
		{ACDD67C9-60E4-474F-8DAF-05688E764356}.Release|Any CPU.ActiveCfg = Release|Any CPU
		{ACDD67C9-60E4-474F-8DAF-05688E764356}.Release|Any CPU.Build.0 = Release|Any CPU
		{4F16B786-2B65-48BB-8609-7563A6F90710}.Debug|Any CPU.ActiveCfg = Debug|Any CPU
		{4F16B786-2B65-48BB-8609-7563A6F90710}.Debug|Any CPU.Build.0 = Debug|Any CPU
		{4F16B786-2B65-48BB-8609-7563A6F90710}.Release|Any CPU.ActiveCfg = Release|Any CPU
		{4F16B786-2B65-48BB-8609-7563A6F90710}.Release|Any CPU.Build.0 = Release|Any CPU
		{D3116065-4790-4EFA-8D1A-20D82D1377DE}.Debug|Any CPU.ActiveCfg = Debug|Any CPU
		{D3116065-4790-4EFA-8D1A-20D82D1377DE}.Debug|Any CPU.Build.0 = Debug|Any CPU
		{D3116065-4790-4EFA-8D1A-20D82D1377DE}.Release|Any CPU.ActiveCfg = Release|Any CPU
		{D3116065-4790-4EFA-8D1A-20D82D1377DE}.Release|Any CPU.Build.0 = Release|Any CPU
		{536B626F-7B14-46DA-B85E-C44E5745BEB9}.Debug|Any CPU.ActiveCfg = Debug|Any CPU
		{536B626F-7B14-46DA-B85E-C44E5745BEB9}.Debug|Any CPU.Build.0 = Debug|Any CPU
		{536B626F-7B14-46DA-B85E-C44E5745BEB9}.Release|Any CPU.ActiveCfg = Release|Any CPU
		{536B626F-7B14-46DA-B85E-C44E5745BEB9}.Release|Any CPU.Build.0 = Release|Any CPU
		{8BC36E88-879E-4B78-8840-09AAD53B250B}.Debug|Any CPU.ActiveCfg = Debug|Any CPU
		{8BC36E88-879E-4B78-8840-09AAD53B250B}.Debug|Any CPU.Build.0 = Debug|Any CPU
		{8BC36E88-879E-4B78-8840-09AAD53B250B}.Release|Any CPU.ActiveCfg = Release|Any CPU
		{8BC36E88-879E-4B78-8840-09AAD53B250B}.Release|Any CPU.Build.0 = Release|Any CPU
		{C2CAD5BA-3C4D-474C-B9E1-C5B2AA28CA66}.Debug|Any CPU.ActiveCfg = Debug|Any CPU
		{C2CAD5BA-3C4D-474C-B9E1-C5B2AA28CA66}.Debug|Any CPU.Build.0 = Debug|Any CPU
		{C2CAD5BA-3C4D-474C-B9E1-C5B2AA28CA66}.Release|Any CPU.ActiveCfg = Release|Any CPU
		{C2CAD5BA-3C4D-474C-B9E1-C5B2AA28CA66}.Release|Any CPU.Build.0 = Release|Any CPU
		{8BF7D96E-AFAE-4127-B0A3-B97DB5B82CCA}.Debug|Any CPU.ActiveCfg = Debug|Any CPU
		{8BF7D96E-AFAE-4127-B0A3-B97DB5B82CCA}.Debug|Any CPU.Build.0 = Debug|Any CPU
		{8BF7D96E-AFAE-4127-B0A3-B97DB5B82CCA}.Release|Any CPU.ActiveCfg = Release|Any CPU
		{8BF7D96E-AFAE-4127-B0A3-B97DB5B82CCA}.Release|Any CPU.Build.0 = Release|Any CPU
		{EECF7215-9D5C-4071-A1D5-555698F1478D}.Debug|Any CPU.ActiveCfg = Debug|Any CPU
		{EECF7215-9D5C-4071-A1D5-555698F1478D}.Debug|Any CPU.Build.0 = Debug|Any CPU
		{EECF7215-9D5C-4071-A1D5-555698F1478D}.Release|Any CPU.ActiveCfg = Release|Any CPU
		{EECF7215-9D5C-4071-A1D5-555698F1478D}.Release|Any CPU.Build.0 = Release|Any CPU
		{63F751EC-E1D4-4F6B-9EBD-90DE87A0A1FE}.Debug|Any CPU.ActiveCfg = Debug|Any CPU
		{63F751EC-E1D4-4F6B-9EBD-90DE87A0A1FE}.Debug|Any CPU.Build.0 = Debug|Any CPU
		{63F751EC-E1D4-4F6B-9EBD-90DE87A0A1FE}.Release|Any CPU.ActiveCfg = Release|Any CPU
		{63F751EC-E1D4-4F6B-9EBD-90DE87A0A1FE}.Release|Any CPU.Build.0 = Release|Any CPU
		{A53CDE85-0946-4D82-B4DA-56A57B1B00F5}.Debug|Any CPU.ActiveCfg = Debug|Any CPU
		{A53CDE85-0946-4D82-B4DA-56A57B1B00F5}.Debug|Any CPU.Build.0 = Debug|Any CPU
		{A53CDE85-0946-4D82-B4DA-56A57B1B00F5}.Release|Any CPU.ActiveCfg = Release|Any CPU
		{A53CDE85-0946-4D82-B4DA-56A57B1B00F5}.Release|Any CPU.Build.0 = Release|Any CPU
		{4F9163CD-CE71-46C0-8207-C964A2FEA774}.Debug|Any CPU.ActiveCfg = Debug|Any CPU
		{4F9163CD-CE71-46C0-8207-C964A2FEA774}.Debug|Any CPU.Build.0 = Debug|Any CPU
		{4F9163CD-CE71-46C0-8207-C964A2FEA774}.Release|Any CPU.ActiveCfg = Release|Any CPU
		{4F9163CD-CE71-46C0-8207-C964A2FEA774}.Release|Any CPU.Build.0 = Release|Any CPU
		{2B9107B0-2877-4AE5-9D2E-12F5D2A741B2}.Debug|Any CPU.ActiveCfg = Debug|Any CPU
		{2B9107B0-2877-4AE5-9D2E-12F5D2A741B2}.Debug|Any CPU.Build.0 = Debug|Any CPU
		{2B9107B0-2877-4AE5-9D2E-12F5D2A741B2}.Release|Any CPU.ActiveCfg = Release|Any CPU
		{2B9107B0-2877-4AE5-9D2E-12F5D2A741B2}.Release|Any CPU.Build.0 = Release|Any CPU
		{17CCCBA0-9624-45C7-A342-06473EA96612}.Debug|Any CPU.ActiveCfg = Debug|Any CPU
		{17CCCBA0-9624-45C7-A342-06473EA96612}.Debug|Any CPU.Build.0 = Debug|Any CPU
		{17CCCBA0-9624-45C7-A342-06473EA96612}.Release|Any CPU.ActiveCfg = Release|Any CPU
		{17CCCBA0-9624-45C7-A342-06473EA96612}.Release|Any CPU.Build.0 = Release|Any CPU
		{1EDD8D1D-3DBC-4A20-B21E-8D0031C79EB9}.Debug|Any CPU.ActiveCfg = Debug|Any CPU
		{1EDD8D1D-3DBC-4A20-B21E-8D0031C79EB9}.Debug|Any CPU.Build.0 = Debug|Any CPU
		{1EDD8D1D-3DBC-4A20-B21E-8D0031C79EB9}.Release|Any CPU.ActiveCfg = Release|Any CPU
		{1EDD8D1D-3DBC-4A20-B21E-8D0031C79EB9}.Release|Any CPU.Build.0 = Release|Any CPU
		{77B2F8F4-89E6-4365-8552-560CDFB735B1}.Debug|Any CPU.ActiveCfg = Debug|Any CPU
		{77B2F8F4-89E6-4365-8552-560CDFB735B1}.Debug|Any CPU.Build.0 = Debug|Any CPU
		{77B2F8F4-89E6-4365-8552-560CDFB735B1}.Release|Any CPU.ActiveCfg = Release|Any CPU
		{77B2F8F4-89E6-4365-8552-560CDFB735B1}.Release|Any CPU.Build.0 = Release|Any CPU
		{AE794976-5F4C-49DD-A8A5-9FAA6CCE9878}.Debug|Any CPU.ActiveCfg = Debug|Any CPU
		{AE794976-5F4C-49DD-A8A5-9FAA6CCE9878}.Debug|Any CPU.Build.0 = Debug|Any CPU
		{AE794976-5F4C-49DD-A8A5-9FAA6CCE9878}.Release|Any CPU.ActiveCfg = Release|Any CPU
		{AE794976-5F4C-49DD-A8A5-9FAA6CCE9878}.Release|Any CPU.Build.0 = Release|Any CPU
		{DDF32C77-462E-4EFC-AE40-B63A09140042}.Debug|Any CPU.ActiveCfg = Debug|Any CPU
		{DDF32C77-462E-4EFC-AE40-B63A09140042}.Debug|Any CPU.Build.0 = Debug|Any CPU
		{DDF32C77-462E-4EFC-AE40-B63A09140042}.Release|Any CPU.ActiveCfg = Release|Any CPU
		{DDF32C77-462E-4EFC-AE40-B63A09140042}.Release|Any CPU.Build.0 = Release|Any CPU
		{2182B7AF-E9B1-41F2-854A-8B9377F4B7E4}.Debug|Any CPU.ActiveCfg = Debug|Any CPU
		{2182B7AF-E9B1-41F2-854A-8B9377F4B7E4}.Debug|Any CPU.Build.0 = Debug|Any CPU
		{2182B7AF-E9B1-41F2-854A-8B9377F4B7E4}.Release|Any CPU.ActiveCfg = Release|Any CPU
		{2182B7AF-E9B1-41F2-854A-8B9377F4B7E4}.Release|Any CPU.Build.0 = Release|Any CPU
		{95DB9DEB-2F39-496C-8058-6E1B796CD9C8}.Debug|Any CPU.ActiveCfg = Debug|Any CPU
		{95DB9DEB-2F39-496C-8058-6E1B796CD9C8}.Debug|Any CPU.Build.0 = Debug|Any CPU
		{95DB9DEB-2F39-496C-8058-6E1B796CD9C8}.Release|Any CPU.ActiveCfg = Release|Any CPU
		{95DB9DEB-2F39-496C-8058-6E1B796CD9C8}.Release|Any CPU.Build.0 = Release|Any CPU
		{482197F2-66A6-434B-8FB8-208838D7FFDB}.Debug|Any CPU.ActiveCfg = Debug|Any CPU
		{482197F2-66A6-434B-8FB8-208838D7FFDB}.Debug|Any CPU.Build.0 = Debug|Any CPU
		{482197F2-66A6-434B-8FB8-208838D7FFDB}.Release|Any CPU.ActiveCfg = Release|Any CPU
		{482197F2-66A6-434B-8FB8-208838D7FFDB}.Release|Any CPU.Build.0 = Release|Any CPU
		{30D1940C-4BF6-4B31-96FB-80E8E3CB9154}.Debug|Any CPU.ActiveCfg = Debug|Any CPU
		{30D1940C-4BF6-4B31-96FB-80E8E3CB9154}.Debug|Any CPU.Build.0 = Debug|Any CPU
		{30D1940C-4BF6-4B31-96FB-80E8E3CB9154}.Release|Any CPU.ActiveCfg = Release|Any CPU
		{30D1940C-4BF6-4B31-96FB-80E8E3CB9154}.Release|Any CPU.Build.0 = Release|Any CPU
		{751A5390-465F-42C2-8C52-F691540EAB71}.Debug|Any CPU.ActiveCfg = Debug|Any CPU
		{751A5390-465F-42C2-8C52-F691540EAB71}.Debug|Any CPU.Build.0 = Debug|Any CPU
		{751A5390-465F-42C2-8C52-F691540EAB71}.Release|Any CPU.ActiveCfg = Release|Any CPU
		{751A5390-465F-42C2-8C52-F691540EAB71}.Release|Any CPU.Build.0 = Release|Any CPU
		{D9E3EFA8-9F31-408E-BF27-F3568D24261E}.Debug|Any CPU.ActiveCfg = Debug|Any CPU
		{D9E3EFA8-9F31-408E-BF27-F3568D24261E}.Debug|Any CPU.Build.0 = Debug|Any CPU
		{D9E3EFA8-9F31-408E-BF27-F3568D24261E}.Release|Any CPU.ActiveCfg = Release|Any CPU
		{D9E3EFA8-9F31-408E-BF27-F3568D24261E}.Release|Any CPU.Build.0 = Release|Any CPU
		{5F687C63-33F4-43F4-B430-6663006AE83E}.Debug|Any CPU.ActiveCfg = Debug|Any CPU
		{5F687C63-33F4-43F4-B430-6663006AE83E}.Debug|Any CPU.Build.0 = Debug|Any CPU
		{5F687C63-33F4-43F4-B430-6663006AE83E}.Release|Any CPU.ActiveCfg = Release|Any CPU
		{5F687C63-33F4-43F4-B430-6663006AE83E}.Release|Any CPU.Build.0 = Release|Any CPU
		{31825903-8114-4C01-A58A-9668E3C806C6}.Debug|Any CPU.ActiveCfg = Debug|Any CPU
		{31825903-8114-4C01-A58A-9668E3C806C6}.Debug|Any CPU.Build.0 = Debug|Any CPU
		{31825903-8114-4C01-A58A-9668E3C806C6}.Release|Any CPU.ActiveCfg = Release|Any CPU
		{31825903-8114-4C01-A58A-9668E3C806C6}.Release|Any CPU.Build.0 = Release|Any CPU
		{0B12EBE8-B8AC-431C-9A6E-C410487018D3}.Debug|Any CPU.ActiveCfg = Debug|Any CPU
		{0B12EBE8-B8AC-431C-9A6E-C410487018D3}.Debug|Any CPU.Build.0 = Debug|Any CPU
		{0B12EBE8-B8AC-431C-9A6E-C410487018D3}.Release|Any CPU.ActiveCfg = Release|Any CPU
		{0B12EBE8-B8AC-431C-9A6E-C410487018D3}.Release|Any CPU.Build.0 = Release|Any CPU
		{1FA46274-BA0D-4ACC-A184-529011F2BB66}.Debug|Any CPU.ActiveCfg = Debug|Any CPU
		{1FA46274-BA0D-4ACC-A184-529011F2BB66}.Debug|Any CPU.Build.0 = Debug|Any CPU
		{1FA46274-BA0D-4ACC-A184-529011F2BB66}.Release|Any CPU.ActiveCfg = Release|Any CPU
		{1FA46274-BA0D-4ACC-A184-529011F2BB66}.Release|Any CPU.Build.0 = Release|Any CPU
		{9E9ABE4F-3959-4337-BEF8-5E02E29A0EE4}.Debug|Any CPU.ActiveCfg = Debug|Any CPU
		{9E9ABE4F-3959-4337-BEF8-5E02E29A0EE4}.Debug|Any CPU.Build.0 = Debug|Any CPU
		{9E9ABE4F-3959-4337-BEF8-5E02E29A0EE4}.Release|Any CPU.ActiveCfg = Release|Any CPU
		{9E9ABE4F-3959-4337-BEF8-5E02E29A0EE4}.Release|Any CPU.Build.0 = Release|Any CPU
		{49885111-323D-4AD9-8E51-4E5FF2A61989}.Debug|Any CPU.ActiveCfg = Debug|Any CPU
		{49885111-323D-4AD9-8E51-4E5FF2A61989}.Debug|Any CPU.Build.0 = Debug|Any CPU
		{49885111-323D-4AD9-8E51-4E5FF2A61989}.Release|Any CPU.ActiveCfg = Release|Any CPU
		{49885111-323D-4AD9-8E51-4E5FF2A61989}.Release|Any CPU.Build.0 = Release|Any CPU
		{3A844FB5-F3BB-4607-8470-CDA652D5EBA7}.Debug|Any CPU.ActiveCfg = Debug|Any CPU
		{3A844FB5-F3BB-4607-8470-CDA652D5EBA7}.Debug|Any CPU.Build.0 = Debug|Any CPU
		{3A844FB5-F3BB-4607-8470-CDA652D5EBA7}.Release|Any CPU.ActiveCfg = Release|Any CPU
		{3A844FB5-F3BB-4607-8470-CDA652D5EBA7}.Release|Any CPU.Build.0 = Release|Any CPU
		{9FE4666B-F170-4495-B08A-1C9F03CC6F91}.Debug|Any CPU.ActiveCfg = Debug|Any CPU
		{9FE4666B-F170-4495-B08A-1C9F03CC6F91}.Debug|Any CPU.Build.0 = Debug|Any CPU
		{9FE4666B-F170-4495-B08A-1C9F03CC6F91}.Release|Any CPU.ActiveCfg = Release|Any CPU
		{9FE4666B-F170-4495-B08A-1C9F03CC6F91}.Release|Any CPU.Build.0 = Release|Any CPU
		{5FF7B447-2BA0-423B-9378-23D32F07B0CC}.Debug|Any CPU.ActiveCfg = Debug|Any CPU
		{5FF7B447-2BA0-423B-9378-23D32F07B0CC}.Debug|Any CPU.Build.0 = Debug|Any CPU
		{5FF7B447-2BA0-423B-9378-23D32F07B0CC}.Release|Any CPU.ActiveCfg = Release|Any CPU
		{5FF7B447-2BA0-423B-9378-23D32F07B0CC}.Release|Any CPU.Build.0 = Release|Any CPU
		{168A0B89-0786-42FF-B675-8DBD18AAB11B}.Debug|Any CPU.ActiveCfg = Debug|Any CPU
		{168A0B89-0786-42FF-B675-8DBD18AAB11B}.Debug|Any CPU.Build.0 = Debug|Any CPU
		{168A0B89-0786-42FF-B675-8DBD18AAB11B}.Release|Any CPU.ActiveCfg = Release|Any CPU
		{168A0B89-0786-42FF-B675-8DBD18AAB11B}.Release|Any CPU.Build.0 = Release|Any CPU
		{1593D70F-B1B2-4B5C-A5C4-D26BFEFF12D4}.Debug|Any CPU.ActiveCfg = Debug|Any CPU
		{1593D70F-B1B2-4B5C-A5C4-D26BFEFF12D4}.Debug|Any CPU.Build.0 = Debug|Any CPU
		{1593D70F-B1B2-4B5C-A5C4-D26BFEFF12D4}.Release|Any CPU.ActiveCfg = Release|Any CPU
		{1593D70F-B1B2-4B5C-A5C4-D26BFEFF12D4}.Release|Any CPU.Build.0 = Release|Any CPU
		{6A09EF4F-11BE-4046-8E53-071D57D45D01}.Debug|Any CPU.ActiveCfg = Debug|Any CPU
		{6A09EF4F-11BE-4046-8E53-071D57D45D01}.Debug|Any CPU.Build.0 = Debug|Any CPU
		{6A09EF4F-11BE-4046-8E53-071D57D45D01}.Release|Any CPU.ActiveCfg = Release|Any CPU
		{6A09EF4F-11BE-4046-8E53-071D57D45D01}.Release|Any CPU.Build.0 = Release|Any CPU
		{14194A0A-AD0C-4A3D-B181-5C4986A2FA2A}.Debug|Any CPU.ActiveCfg = Debug|Any CPU
		{14194A0A-AD0C-4A3D-B181-5C4986A2FA2A}.Debug|Any CPU.Build.0 = Debug|Any CPU
		{14194A0A-AD0C-4A3D-B181-5C4986A2FA2A}.Release|Any CPU.ActiveCfg = Release|Any CPU
		{14194A0A-AD0C-4A3D-B181-5C4986A2FA2A}.Release|Any CPU.Build.0 = Release|Any CPU
		{417AF3EE-9A14-4D29-9508-2C24C49265D9}.Debug|Any CPU.ActiveCfg = Debug|Any CPU
		{417AF3EE-9A14-4D29-9508-2C24C49265D9}.Debug|Any CPU.Build.0 = Debug|Any CPU
		{417AF3EE-9A14-4D29-9508-2C24C49265D9}.Release|Any CPU.ActiveCfg = Release|Any CPU
		{417AF3EE-9A14-4D29-9508-2C24C49265D9}.Release|Any CPU.Build.0 = Release|Any CPU
		{BFAFFC4F-135F-4D2A-B2B7-6E723DFA9E2C}.Debug|Any CPU.ActiveCfg = Debug|Any CPU
		{BFAFFC4F-135F-4D2A-B2B7-6E723DFA9E2C}.Debug|Any CPU.Build.0 = Debug|Any CPU
		{BFAFFC4F-135F-4D2A-B2B7-6E723DFA9E2C}.Release|Any CPU.ActiveCfg = Release|Any CPU
		{BFAFFC4F-135F-4D2A-B2B7-6E723DFA9E2C}.Release|Any CPU.Build.0 = Release|Any CPU
		{3C3DF396-FC5D-4696-A539-4A5068728070}.Debug|Any CPU.ActiveCfg = Debug|Any CPU
		{3C3DF396-FC5D-4696-A539-4A5068728070}.Debug|Any CPU.Build.0 = Debug|Any CPU
		{3C3DF396-FC5D-4696-A539-4A5068728070}.Release|Any CPU.ActiveCfg = Release|Any CPU
		{3C3DF396-FC5D-4696-A539-4A5068728070}.Release|Any CPU.Build.0 = Release|Any CPU
		{7017870D-4051-44D9-A798-5B4AB501BA0C}.Debug|Any CPU.ActiveCfg = Debug|Any CPU
		{7017870D-4051-44D9-A798-5B4AB501BA0C}.Debug|Any CPU.Build.0 = Debug|Any CPU
		{7017870D-4051-44D9-A798-5B4AB501BA0C}.Release|Any CPU.ActiveCfg = Release|Any CPU
		{7017870D-4051-44D9-A798-5B4AB501BA0C}.Release|Any CPU.Build.0 = Release|Any CPU
		{A92CDFF8-E8AC-401A-A644-E63F71A17214}.Debug|Any CPU.ActiveCfg = Debug|Any CPU
		{A92CDFF8-E8AC-401A-A644-E63F71A17214}.Debug|Any CPU.Build.0 = Debug|Any CPU
		{A92CDFF8-E8AC-401A-A644-E63F71A17214}.Release|Any CPU.ActiveCfg = Release|Any CPU
		{A92CDFF8-E8AC-401A-A644-E63F71A17214}.Release|Any CPU.Build.0 = Release|Any CPU
		{6D59D8A8-25C5-43E4-B388-F2B985CE81C3}.Debug|Any CPU.ActiveCfg = Debug|Any CPU
		{6D59D8A8-25C5-43E4-B388-F2B985CE81C3}.Debug|Any CPU.Build.0 = Debug|Any CPU
		{6D59D8A8-25C5-43E4-B388-F2B985CE81C3}.Release|Any CPU.ActiveCfg = Release|Any CPU
		{6D59D8A8-25C5-43E4-B388-F2B985CE81C3}.Release|Any CPU.Build.0 = Release|Any CPU
		{5A30213E-DC6B-4C63-A7FF-F55EFD83F46C}.Debug|Any CPU.ActiveCfg = Debug|Any CPU
		{5A30213E-DC6B-4C63-A7FF-F55EFD83F46C}.Debug|Any CPU.Build.0 = Debug|Any CPU
		{5A30213E-DC6B-4C63-A7FF-F55EFD83F46C}.Release|Any CPU.ActiveCfg = Release|Any CPU
		{5A30213E-DC6B-4C63-A7FF-F55EFD83F46C}.Release|Any CPU.Build.0 = Release|Any CPU
		{6DB5D6A5-225E-442A-A474-CCDC21463F5F}.Debug|Any CPU.ActiveCfg = Debug|Any CPU
		{6DB5D6A5-225E-442A-A474-CCDC21463F5F}.Debug|Any CPU.Build.0 = Debug|Any CPU
		{6DB5D6A5-225E-442A-A474-CCDC21463F5F}.Release|Any CPU.ActiveCfg = Release|Any CPU
		{6DB5D6A5-225E-442A-A474-CCDC21463F5F}.Release|Any CPU.Build.0 = Release|Any CPU
		{380E907E-E35D-4FCE-93EC-6CC1B9F62A65}.Debug|Any CPU.ActiveCfg = Debug|Any CPU
		{380E907E-E35D-4FCE-93EC-6CC1B9F62A65}.Debug|Any CPU.Build.0 = Debug|Any CPU
		{380E907E-E35D-4FCE-93EC-6CC1B9F62A65}.Release|Any CPU.ActiveCfg = Release|Any CPU
		{380E907E-E35D-4FCE-93EC-6CC1B9F62A65}.Release|Any CPU.Build.0 = Release|Any CPU
		{68C52A6A-02A5-4984-AD7D-63FF52030F34}.Debug|Any CPU.ActiveCfg = Debug|Any CPU
		{68C52A6A-02A5-4984-AD7D-63FF52030F34}.Debug|Any CPU.Build.0 = Debug|Any CPU
		{68C52A6A-02A5-4984-AD7D-63FF52030F34}.Release|Any CPU.ActiveCfg = Release|Any CPU
		{68C52A6A-02A5-4984-AD7D-63FF52030F34}.Release|Any CPU.Build.0 = Release|Any CPU
		{F685D803-216A-4E98-B011-5120CB691B61}.Debug|Any CPU.ActiveCfg = Debug|Any CPU
		{F685D803-216A-4E98-B011-5120CB691B61}.Debug|Any CPU.Build.0 = Debug|Any CPU
		{F685D803-216A-4E98-B011-5120CB691B61}.Release|Any CPU.ActiveCfg = Release|Any CPU
		{F685D803-216A-4E98-B011-5120CB691B61}.Release|Any CPU.Build.0 = Release|Any CPU
		{1C08C976-E55F-41AB-B31C-F4ABB2F83C90}.Debug|Any CPU.ActiveCfg = Debug|Any CPU
		{1C08C976-E55F-41AB-B31C-F4ABB2F83C90}.Debug|Any CPU.Build.0 = Debug|Any CPU
		{1C08C976-E55F-41AB-B31C-F4ABB2F83C90}.Release|Any CPU.ActiveCfg = Release|Any CPU
		{1C08C976-E55F-41AB-B31C-F4ABB2F83C90}.Release|Any CPU.Build.0 = Release|Any CPU
		{34533D3A-6F07-4CA4-B1E3-AFAD293EFC4C}.Debug|Any CPU.ActiveCfg = Debug|Any CPU
		{34533D3A-6F07-4CA4-B1E3-AFAD293EFC4C}.Debug|Any CPU.Build.0 = Debug|Any CPU
		{34533D3A-6F07-4CA4-B1E3-AFAD293EFC4C}.Release|Any CPU.ActiveCfg = Release|Any CPU
		{34533D3A-6F07-4CA4-B1E3-AFAD293EFC4C}.Release|Any CPU.Build.0 = Release|Any CPU
		{6EB9957A-6367-4E73-A3D5-676A500CDEF2}.Debug|Any CPU.ActiveCfg = Debug|Any CPU
		{6EB9957A-6367-4E73-A3D5-676A500CDEF2}.Debug|Any CPU.Build.0 = Debug|Any CPU
		{6EB9957A-6367-4E73-A3D5-676A500CDEF2}.Release|Any CPU.ActiveCfg = Release|Any CPU
		{6EB9957A-6367-4E73-A3D5-676A500CDEF2}.Release|Any CPU.Build.0 = Release|Any CPU
		{3F30F16A-252D-4545-93A5-A44C594E7FA9}.Debug|Any CPU.ActiveCfg = Debug|Any CPU
		{3F30F16A-252D-4545-93A5-A44C594E7FA9}.Debug|Any CPU.Build.0 = Debug|Any CPU
		{3F30F16A-252D-4545-93A5-A44C594E7FA9}.Release|Any CPU.ActiveCfg = Release|Any CPU
		{3F30F16A-252D-4545-93A5-A44C594E7FA9}.Release|Any CPU.Build.0 = Release|Any CPU
		{8EFA14A8-EB2D-4E2E-B2D3-58A0F35E9324}.Debug|Any CPU.ActiveCfg = Debug|Any CPU
		{8EFA14A8-EB2D-4E2E-B2D3-58A0F35E9324}.Debug|Any CPU.Build.0 = Debug|Any CPU
		{8EFA14A8-EB2D-4E2E-B2D3-58A0F35E9324}.Release|Any CPU.ActiveCfg = Release|Any CPU
		{8EFA14A8-EB2D-4E2E-B2D3-58A0F35E9324}.Release|Any CPU.Build.0 = Release|Any CPU
		{60DA71E8-61A0-4180-A22C-6CBD25EFA0DE}.Debug|Any CPU.ActiveCfg = Debug|Any CPU
		{60DA71E8-61A0-4180-A22C-6CBD25EFA0DE}.Debug|Any CPU.Build.0 = Debug|Any CPU
		{60DA71E8-61A0-4180-A22C-6CBD25EFA0DE}.Release|Any CPU.ActiveCfg = Release|Any CPU
		{60DA71E8-61A0-4180-A22C-6CBD25EFA0DE}.Release|Any CPU.Build.0 = Release|Any CPU
		{F17E0386-E4AD-4FC7-9668-501C70D0724F}.Debug|Any CPU.ActiveCfg = Debug|Any CPU
		{F17E0386-E4AD-4FC7-9668-501C70D0724F}.Debug|Any CPU.Build.0 = Debug|Any CPU
		{F17E0386-E4AD-4FC7-9668-501C70D0724F}.Release|Any CPU.ActiveCfg = Release|Any CPU
		{F17E0386-E4AD-4FC7-9668-501C70D0724F}.Release|Any CPU.Build.0 = Release|Any CPU
		{85648368-5A66-404F-B7FB-BB501C8820E4}.Debug|Any CPU.ActiveCfg = Debug|Any CPU
		{85648368-5A66-404F-B7FB-BB501C8820E4}.Debug|Any CPU.Build.0 = Debug|Any CPU
		{85648368-5A66-404F-B7FB-BB501C8820E4}.Release|Any CPU.ActiveCfg = Release|Any CPU
		{85648368-5A66-404F-B7FB-BB501C8820E4}.Release|Any CPU.Build.0 = Release|Any CPU
		{41632737-C6C5-4E26-8E63-DCD30F3328EC}.Debug|Any CPU.ActiveCfg = Debug|Any CPU
		{41632737-C6C5-4E26-8E63-DCD30F3328EC}.Debug|Any CPU.Build.0 = Debug|Any CPU
		{41632737-C6C5-4E26-8E63-DCD30F3328EC}.Release|Any CPU.ActiveCfg = Release|Any CPU
		{41632737-C6C5-4E26-8E63-DCD30F3328EC}.Release|Any CPU.Build.0 = Release|Any CPU
		{CF49959F-F1D1-4E14-9028-2760F39B2BB4}.Debug|Any CPU.ActiveCfg = Debug|Any CPU
		{CF49959F-F1D1-4E14-9028-2760F39B2BB4}.Debug|Any CPU.Build.0 = Debug|Any CPU
		{CF49959F-F1D1-4E14-9028-2760F39B2BB4}.Release|Any CPU.ActiveCfg = Release|Any CPU
		{CF49959F-F1D1-4E14-9028-2760F39B2BB4}.Release|Any CPU.Build.0 = Release|Any CPU
		{08780F14-AC19-4237-BF80-BB9CE4F8CA82}.Debug|Any CPU.ActiveCfg = Debug|Any CPU
		{08780F14-AC19-4237-BF80-BB9CE4F8CA82}.Debug|Any CPU.Build.0 = Debug|Any CPU
		{08780F14-AC19-4237-BF80-BB9CE4F8CA82}.Release|Any CPU.ActiveCfg = Release|Any CPU
		{08780F14-AC19-4237-BF80-BB9CE4F8CA82}.Release|Any CPU.Build.0 = Release|Any CPU
		{321E1AF0-92D3-4A1C-8D37-4126B7C45109}.Debug|Any CPU.ActiveCfg = Debug|Any CPU
		{321E1AF0-92D3-4A1C-8D37-4126B7C45109}.Debug|Any CPU.Build.0 = Debug|Any CPU
		{321E1AF0-92D3-4A1C-8D37-4126B7C45109}.Release|Any CPU.ActiveCfg = Release|Any CPU
		{321E1AF0-92D3-4A1C-8D37-4126B7C45109}.Release|Any CPU.Build.0 = Release|Any CPU
		{827B6A08-74C8-4AD1-9DFC-561E021CE51A}.Debug|Any CPU.ActiveCfg = Debug|Any CPU
		{827B6A08-74C8-4AD1-9DFC-561E021CE51A}.Debug|Any CPU.Build.0 = Debug|Any CPU
		{827B6A08-74C8-4AD1-9DFC-561E021CE51A}.Release|Any CPU.ActiveCfg = Release|Any CPU
		{827B6A08-74C8-4AD1-9DFC-561E021CE51A}.Release|Any CPU.Build.0 = Release|Any CPU
		{19C97F5F-AF87-4F40-AF3B-A14C70075C4D}.Debug|Any CPU.ActiveCfg = Debug|Any CPU
		{19C97F5F-AF87-4F40-AF3B-A14C70075C4D}.Debug|Any CPU.Build.0 = Debug|Any CPU
		{19C97F5F-AF87-4F40-AF3B-A14C70075C4D}.Release|Any CPU.ActiveCfg = Release|Any CPU
		{19C97F5F-AF87-4F40-AF3B-A14C70075C4D}.Release|Any CPU.Build.0 = Release|Any CPU
		{DE33AF65-F423-483D-BDAE-FA1C002368E5}.Debug|Any CPU.ActiveCfg = Debug|Any CPU
		{DE33AF65-F423-483D-BDAE-FA1C002368E5}.Debug|Any CPU.Build.0 = Debug|Any CPU
		{DE33AF65-F423-483D-BDAE-FA1C002368E5}.Release|Any CPU.ActiveCfg = Release|Any CPU
		{DE33AF65-F423-483D-BDAE-FA1C002368E5}.Release|Any CPU.Build.0 = Release|Any CPU
		{1B5B9068-22FE-4488-A8F7-C9C6D1462D77}.Debug|Any CPU.ActiveCfg = Debug|Any CPU
		{1B5B9068-22FE-4488-A8F7-C9C6D1462D77}.Debug|Any CPU.Build.0 = Debug|Any CPU
		{1B5B9068-22FE-4488-A8F7-C9C6D1462D77}.Release|Any CPU.ActiveCfg = Release|Any CPU
		{1B5B9068-22FE-4488-A8F7-C9C6D1462D77}.Release|Any CPU.Build.0 = Release|Any CPU
		{94892C2B-444A-4E55-8707-C0FF310D89E1}.Debug|Any CPU.ActiveCfg = Debug|Any CPU
		{94892C2B-444A-4E55-8707-C0FF310D89E1}.Debug|Any CPU.Build.0 = Debug|Any CPU
		{94892C2B-444A-4E55-8707-C0FF310D89E1}.Release|Any CPU.ActiveCfg = Release|Any CPU
		{94892C2B-444A-4E55-8707-C0FF310D89E1}.Release|Any CPU.Build.0 = Release|Any CPU
		{B816BF3F-9DC4-4BAF-A256-1C5049EE6875}.Debug|Any CPU.ActiveCfg = Debug|Any CPU
		{B816BF3F-9DC4-4BAF-A256-1C5049EE6875}.Debug|Any CPU.Build.0 = Debug|Any CPU
		{B816BF3F-9DC4-4BAF-A256-1C5049EE6875}.Release|Any CPU.ActiveCfg = Release|Any CPU
		{B816BF3F-9DC4-4BAF-A256-1C5049EE6875}.Release|Any CPU.Build.0 = Release|Any CPU
		{C70D976C-9A02-4D22-BEDC-D27514B237DB}.Debug|Any CPU.ActiveCfg = Debug|Any CPU
		{C70D976C-9A02-4D22-BEDC-D27514B237DB}.Debug|Any CPU.Build.0 = Debug|Any CPU
		{C70D976C-9A02-4D22-BEDC-D27514B237DB}.Release|Any CPU.ActiveCfg = Release|Any CPU
		{C70D976C-9A02-4D22-BEDC-D27514B237DB}.Release|Any CPU.Build.0 = Release|Any CPU
		{1CEA0718-D87D-4DC9-8AD3-90A61B3A9C10}.Debug|Any CPU.ActiveCfg = Debug|Any CPU
		{1CEA0718-D87D-4DC9-8AD3-90A61B3A9C10}.Debug|Any CPU.Build.0 = Debug|Any CPU
		{1CEA0718-D87D-4DC9-8AD3-90A61B3A9C10}.Release|Any CPU.ActiveCfg = Release|Any CPU
		{1CEA0718-D87D-4DC9-8AD3-90A61B3A9C10}.Release|Any CPU.Build.0 = Release|Any CPU
		{7D3F0B7C-480F-4539-B964-96FD5E9E3939}.Debug|Any CPU.ActiveCfg = Debug|Any CPU
		{7D3F0B7C-480F-4539-B964-96FD5E9E3939}.Debug|Any CPU.Build.0 = Debug|Any CPU
		{7D3F0B7C-480F-4539-B964-96FD5E9E3939}.Release|Any CPU.ActiveCfg = Release|Any CPU
		{7D3F0B7C-480F-4539-B964-96FD5E9E3939}.Release|Any CPU.Build.0 = Release|Any CPU
		{78A0F77F-3AA0-4022-9728-40F40D3502AA}.Debug|Any CPU.ActiveCfg = Debug|Any CPU
		{78A0F77F-3AA0-4022-9728-40F40D3502AA}.Debug|Any CPU.Build.0 = Debug|Any CPU
		{78A0F77F-3AA0-4022-9728-40F40D3502AA}.Release|Any CPU.ActiveCfg = Release|Any CPU
		{78A0F77F-3AA0-4022-9728-40F40D3502AA}.Release|Any CPU.Build.0 = Release|Any CPU
	EndGlobalSection
	GlobalSection(SolutionProperties) = preSolution
		HideSolutionNode = FALSE
	EndGlobalSection
	GlobalSection(NestedProjects) = preSolution
		{5EA60AF8-2325-46DF-9C44-BD94F604B2F6} = {A02FB4E7-237B-4893-B7C2-B55D0ADBD418}
		{F8CBBFB6-6312-4505-AA88-821E03942F0C} = {A02FB4E7-237B-4893-B7C2-B55D0ADBD418}
		{E9FD5381-58BB-44F6-B9A6-33AEF1EA0F93} = {A02FB4E7-237B-4893-B7C2-B55D0ADBD418}
		{256FB126-3FF5-476D-9DA5-92986F70BA8E} = {A02FB4E7-237B-4893-B7C2-B55D0ADBD418}
		{48C032A8-504C-4BD5-AB7C-3F35194BD746} = {20FFC931-492D-428F-9C45-22B5EC93CDF2}
		{5F4E2A6B-2B9B-49B4-A8CB-7DCA851F56EC} = {20FFC931-492D-428F-9C45-22B5EC93CDF2}
		{F17FB97E-0DF9-4BBE-B4DA-2933079CA6F5} = {868E0946-E601-4C69-B590-576B8EE4C4F1}
		{1DD7B32D-EB84-40E6-910C-6E8F96FB95AF} = {868E0946-E601-4C69-B590-576B8EE4C4F1}
		{E5CB01C8-D0B0-45AC-AF88-ABA22FB1EB00} = {868E0946-E601-4C69-B590-576B8EE4C4F1}
		{288CAF00-A6D2-4A06-882D-53854E6678C7} = {868E0946-E601-4C69-B590-576B8EE4C4F1}
		{C03D641F-E647-48DD-A874-C99123861D3A} = {868E0946-E601-4C69-B590-576B8EE4C4F1}
		{CBD14DCD-1B34-4926-8214-A2C57307D824} = {868E0946-E601-4C69-B590-576B8EE4C4F1}
		{1B23FF3B-9619-4351-8363-6F31EADF6A06} = {868E0946-E601-4C69-B590-576B8EE4C4F1}
		{D134E94E-F00C-435F-8402-8FA46E71A3CA} = {868E0946-E601-4C69-B590-576B8EE4C4F1}
		{2518CD73-6505-4DFC-B2BE-34A536CD7A38} = {868E0946-E601-4C69-B590-576B8EE4C4F1}
		{B62DE9C0-DF2A-4B73-A862-AF0740CE85B0} = {868E0946-E601-4C69-B590-576B8EE4C4F1}
		{91A9F2A4-5F0C-43DC-BA27-BBCA2AD6A1C9} = {868E0946-E601-4C69-B590-576B8EE4C4F1}
		{D507C3F2-7013-435F-BF91-6E60F11E061F} = {487BD460-D745-46B8-A1EA-5857BDB72EE2}
		{588B4892-D5C3-4D59-B3F5-BE4CDFE482D8} = {487BD460-D745-46B8-A1EA-5857BDB72EE2}
		{9F397EA6-CFDE-4263-B75B-364E28FCE739} = {487BD460-D745-46B8-A1EA-5857BDB72EE2}
		{51F3317A-9785-48B1-8727-CEF5C26051D0} = {487BD460-D745-46B8-A1EA-5857BDB72EE2}
		{65AF7F83-6205-4DD2-B918-BC51529045FD} = {487BD460-D745-46B8-A1EA-5857BDB72EE2}
		{E6737A44-C74A-4AB3-97F1-7E7C1700CA3B} = {487BD460-D745-46B8-A1EA-5857BDB72EE2}
		{9E67D620-B7F3-4E1A-8FE9-2D010A1DE7FB} = {487BD460-D745-46B8-A1EA-5857BDB72EE2}
		{09B5890F-0ED2-486B-97DF-2758F98FFBEE} = {487BD460-D745-46B8-A1EA-5857BDB72EE2}
		{9B0D5539-5890-45CC-A8B9-07A7A3D65181} = {487BD460-D745-46B8-A1EA-5857BDB72EE2}
		{E039F83B-DB1B-4FED-A33A-EE16F71AFD33} = {487BD460-D745-46B8-A1EA-5857BDB72EE2}
		{ADE73B0A-C6F5-41B7-ABDF-D8E0648DCB25} = {E198B53E-36FC-4854-B3C3-3996E662D7E0}
		{7738D4E6-FCFD-4551-AE9B-C0F297F7793D} = {E198B53E-36FC-4854-B3C3-3996E662D7E0}
		{70C82973-3DA5-42E7-A851-5A342F836365} = {E198B53E-36FC-4854-B3C3-3996E662D7E0}
		{A44EF421-E221-4DBD-9265-27DA73D14827} = {E198B53E-36FC-4854-B3C3-3996E662D7E0}
		{ACDD67C9-60E4-474F-8DAF-05688E764356} = {E198B53E-36FC-4854-B3C3-3996E662D7E0}
		{4F16B786-2B65-48BB-8609-7563A6F90710} = {E198B53E-36FC-4854-B3C3-3996E662D7E0}
		{D3116065-4790-4EFA-8D1A-20D82D1377DE} = {E198B53E-36FC-4854-B3C3-3996E662D7E0}
		{536B626F-7B14-46DA-B85E-C44E5745BEB9} = {E198B53E-36FC-4854-B3C3-3996E662D7E0}
		{8BC36E88-879E-4B78-8840-09AAD53B250B} = {E198B53E-36FC-4854-B3C3-3996E662D7E0}
		{C2CAD5BA-3C4D-474C-B9E1-C5B2AA28CA66} = {E198B53E-36FC-4854-B3C3-3996E662D7E0}
		{8BF7D96E-AFAE-4127-B0A3-B97DB5B82CCA} = {275E05C9-C05C-4ADF-B061-7EFA12587572}
		{EECF7215-9D5C-4071-A1D5-555698F1478D} = {275E05C9-C05C-4ADF-B061-7EFA12587572}
		{63F751EC-E1D4-4F6B-9EBD-90DE87A0A1FE} = {275E05C9-C05C-4ADF-B061-7EFA12587572}
		{A53CDE85-0946-4D82-B4DA-56A57B1B00F5} = {275E05C9-C05C-4ADF-B061-7EFA12587572}
		{4F9163CD-CE71-46C0-8207-C964A2FEA774} = {275E05C9-C05C-4ADF-B061-7EFA12587572}
		{2B9107B0-2877-4AE5-9D2E-12F5D2A741B2} = {275E05C9-C05C-4ADF-B061-7EFA12587572}
		{17CCCBA0-9624-45C7-A342-06473EA96612} = {275E05C9-C05C-4ADF-B061-7EFA12587572}
		{1EDD8D1D-3DBC-4A20-B21E-8D0031C79EB9} = {275E05C9-C05C-4ADF-B061-7EFA12587572}
		{77B2F8F4-89E6-4365-8552-560CDFB735B1} = {275E05C9-C05C-4ADF-B061-7EFA12587572}
		{AE794976-5F4C-49DD-A8A5-9FAA6CCE9878} = {275E05C9-C05C-4ADF-B061-7EFA12587572}
		{DDF32C77-462E-4EFC-AE40-B63A09140042} = {275E05C9-C05C-4ADF-B061-7EFA12587572}
		{2182B7AF-E9B1-41F2-854A-8B9377F4B7E4} = {275E05C9-C05C-4ADF-B061-7EFA12587572}
		{95DB9DEB-2F39-496C-8058-6E1B796CD9C8} = {275E05C9-C05C-4ADF-B061-7EFA12587572}
		{482197F2-66A6-434B-8FB8-208838D7FFDB} = {275E05C9-C05C-4ADF-B061-7EFA12587572}
		{30D1940C-4BF6-4B31-96FB-80E8E3CB9154} = {275E05C9-C05C-4ADF-B061-7EFA12587572}
		{751A5390-465F-42C2-8C52-F691540EAB71} = {275E05C9-C05C-4ADF-B061-7EFA12587572}
		{D9E3EFA8-9F31-408E-BF27-F3568D24261E} = {A02FB4E7-237B-4893-B7C2-B55D0ADBD418}
		{5F687C63-33F4-43F4-B430-6663006AE83E} = {A02FB4E7-237B-4893-B7C2-B55D0ADBD418}
		{31825903-8114-4C01-A58A-9668E3C806C6} = {A02FB4E7-237B-4893-B7C2-B55D0ADBD418}
		{0B12EBE8-B8AC-431C-9A6E-C410487018D3} = {A02FB4E7-237B-4893-B7C2-B55D0ADBD418}
		{1FA46274-BA0D-4ACC-A184-529011F2BB66} = {20FFC931-492D-428F-9C45-22B5EC93CDF2}
		{9E9ABE4F-3959-4337-BEF8-5E02E29A0EE4} = {20FFC931-492D-428F-9C45-22B5EC93CDF2}
		{49885111-323D-4AD9-8E51-4E5FF2A61989} = {20FFC931-492D-428F-9C45-22B5EC93CDF2}
		{3A844FB5-F3BB-4607-8470-CDA652D5EBA7} = {20FFC931-492D-428F-9C45-22B5EC93CDF2}
		{9FE4666B-F170-4495-B08A-1C9F03CC6F91} = {20FFC931-492D-428F-9C45-22B5EC93CDF2}
		{5FF7B447-2BA0-423B-9378-23D32F07B0CC} = {20FFC931-492D-428F-9C45-22B5EC93CDF2}
		{168A0B89-0786-42FF-B675-8DBD18AAB11B} = {20FFC931-492D-428F-9C45-22B5EC93CDF2}
		{1593D70F-B1B2-4B5C-A5C4-D26BFEFF12D4} = {20FFC931-492D-428F-9C45-22B5EC93CDF2}
		{6A09EF4F-11BE-4046-8E53-071D57D45D01} = {20FFC931-492D-428F-9C45-22B5EC93CDF2}
		{14194A0A-AD0C-4A3D-B181-5C4986A2FA2A} = {20FFC931-492D-428F-9C45-22B5EC93CDF2}
		{417AF3EE-9A14-4D29-9508-2C24C49265D9} = {20FFC931-492D-428F-9C45-22B5EC93CDF2}
		{BFAFFC4F-135F-4D2A-B2B7-6E723DFA9E2C} = {20FFC931-492D-428F-9C45-22B5EC93CDF2}
		{3C3DF396-FC5D-4696-A539-4A5068728070} = {20FFC931-492D-428F-9C45-22B5EC93CDF2}
		{7017870D-4051-44D9-A798-5B4AB501BA0C} = {20FFC931-492D-428F-9C45-22B5EC93CDF2}
		{A92CDFF8-E8AC-401A-A644-E63F71A17214} = {20FFC931-492D-428F-9C45-22B5EC93CDF2}
		{6D59D8A8-25C5-43E4-B388-F2B985CE81C3} = {20FFC931-492D-428F-9C45-22B5EC93CDF2}
		{5A30213E-DC6B-4C63-A7FF-F55EFD83F46C} = {20FFC931-492D-428F-9C45-22B5EC93CDF2}
		{6DB5D6A5-225E-442A-A474-CCDC21463F5F} = {20FFC931-492D-428F-9C45-22B5EC93CDF2}
		{380E907E-E35D-4FCE-93EC-6CC1B9F62A65} = {20FFC931-492D-428F-9C45-22B5EC93CDF2}
		{68C52A6A-02A5-4984-AD7D-63FF52030F34} = {20FFC931-492D-428F-9C45-22B5EC93CDF2}
		{F685D803-216A-4E98-B011-5120CB691B61} = {20FFC931-492D-428F-9C45-22B5EC93CDF2}
		{1C08C976-E55F-41AB-B31C-F4ABB2F83C90} = {20FFC931-492D-428F-9C45-22B5EC93CDF2}
		{34533D3A-6F07-4CA4-B1E3-AFAD293EFC4C} = {20FFC931-492D-428F-9C45-22B5EC93CDF2}
		{6EB9957A-6367-4E73-A3D5-676A500CDEF2} = {20FFC931-492D-428F-9C45-22B5EC93CDF2}
		{3F30F16A-252D-4545-93A5-A44C594E7FA9} = {20FFC931-492D-428F-9C45-22B5EC93CDF2}
		{8EFA14A8-EB2D-4E2E-B2D3-58A0F35E9324} = {20FFC931-492D-428F-9C45-22B5EC93CDF2}
		{60DA71E8-61A0-4180-A22C-6CBD25EFA0DE} = {20FFC931-492D-428F-9C45-22B5EC93CDF2}
		{F17E0386-E4AD-4FC7-9668-501C70D0724F} = {20FFC931-492D-428F-9C45-22B5EC93CDF2}
		{85648368-5A66-404F-B7FB-BB501C8820E4} = {20FFC931-492D-428F-9C45-22B5EC93CDF2}
		{41632737-C6C5-4E26-8E63-DCD30F3328EC} = {20FFC931-492D-428F-9C45-22B5EC93CDF2}
		{CF49959F-F1D1-4E14-9028-2760F39B2BB4} = {20FFC931-492D-428F-9C45-22B5EC93CDF2}
		{08780F14-AC19-4237-BF80-BB9CE4F8CA82} = {20FFC931-492D-428F-9C45-22B5EC93CDF2}
		{321E1AF0-92D3-4A1C-8D37-4126B7C45109} = {20FFC931-492D-428F-9C45-22B5EC93CDF2}
		{827B6A08-74C8-4AD1-9DFC-561E021CE51A} = {20FFC931-492D-428F-9C45-22B5EC93CDF2}
		{19C97F5F-AF87-4F40-AF3B-A14C70075C4D} = {20FFC931-492D-428F-9C45-22B5EC93CDF2}
		{DE33AF65-F423-483D-BDAE-FA1C002368E5} = {20FFC931-492D-428F-9C45-22B5EC93CDF2}
		{1B5B9068-22FE-4488-A8F7-C9C6D1462D77} = {20FFC931-492D-428F-9C45-22B5EC93CDF2}
		{94892C2B-444A-4E55-8707-C0FF310D89E1} = {20FFC931-492D-428F-9C45-22B5EC93CDF2}
		{B816BF3F-9DC4-4BAF-A256-1C5049EE6875} = {20FFC931-492D-428F-9C45-22B5EC93CDF2}
		{C70D976C-9A02-4D22-BEDC-D27514B237DB} = {20FFC931-492D-428F-9C45-22B5EC93CDF2}
		{1CEA0718-D87D-4DC9-8AD3-90A61B3A9C10} = {20FFC931-492D-428F-9C45-22B5EC93CDF2}
		{7D3F0B7C-480F-4539-B964-96FD5E9E3939} = {20FFC931-492D-428F-9C45-22B5EC93CDF2}
	EndGlobalSection
	GlobalSection(ExtensibilityGlobals) = postSolution
		SolutionGuid = {445130A8-FDAE-4936-86AD-FAF27F792AC7}
	EndGlobalSection
EndGlobal
