
Microsoft Visual Studio Solution File, Format Version 12.00
# Visual Studio Version 16
VisualStudioVersion = 16.0.30406.217
MinimumVisualStudioVersion = 10.0.40219.1
Project("{FAE04EC0-301F-11D3-BF4B-00C04F79EFBC}") = "Csharp-Prog", "Csharp-Prog.csproj", "{BFCD63E7-716D-461F-82AA-B09B75C1B3D4}"
EndProject
Project("{2150E333-8FDC-42A3-9474-1A3956D46DE8}") = "Chapter 3", "Chapter 3", "{275E05C9-C05C-4ADF-B061-7EFA12587572}"
EndProject
Project("{FAE04EC0-301F-11D3-BF4B-00C04F79EFBC}") = "3-14", "..\3-14\3-14.csproj", "{AC98FACC-3C2C-47C4-8D42-490BEF0AA68A}"
EndProject
Project("{FAE04EC0-301F-11D3-BF4B-00C04F79EFBC}") = "3-22", "..\3-22\3-22.csproj", "{45FAC724-76D1-4028-9320-3D1F1EA1A7DF}"
EndProject
Project("{2150E333-8FDC-42A3-9474-1A3956D46DE8}") = "Chapter 4", "Chapter 4", "{A02FB4E7-237B-4893-B7C2-B55D0ADBD418}"
EndProject
Project("{FAE04EC0-301F-11D3-BF4B-00C04F79EFBC}") = "4-1", "..\4-1\4-1.csproj", "{44E58916-F40A-4348-AC18-77BE86C0D672}"
EndProject
Project("{FAE04EC0-301F-11D3-BF4B-00C04F79EFBC}") = "4-5", "..\4-5\4-5.csproj", "{B9D7402A-4938-480E-AE58-C5C8DCABC0B4}"
EndProject
Project("{FAE04EC0-301F-11D3-BF4B-00C04F79EFBC}") = "4-8", "..\4-8\4-8.csproj", "{5EA60AF8-2325-46DF-9C44-BD94F604B2F6}"
EndProject
Project("{FAE04EC0-301F-11D3-BF4B-00C04F79EFBC}") = "4-9", "..\4-9\4-9.csproj", "{F8CBBFB6-6312-4505-AA88-821E03942F0C}"
EndProject
Project("{FAE04EC0-301F-11D3-BF4B-00C04F79EFBC}") = "4-13", "..\4-13\4-13.csproj", "{E9FD5381-58BB-44F6-B9A6-33AEF1EA0F93}"
EndProject
Global
	GlobalSection(SolutionConfigurationPlatforms) = preSolution
		Debug|Any CPU = Debug|Any CPU
		Release|Any CPU = Release|Any CPU
	EndGlobalSection
	GlobalSection(ProjectConfigurationPlatforms) = postSolution
		{BFCD63E7-716D-461F-82AA-B09B75C1B3D4}.Debug|Any CPU.ActiveCfg = Debug|Any CPU
		{BFCD63E7-716D-461F-82AA-B09B75C1B3D4}.Debug|Any CPU.Build.0 = Debug|Any CPU
		{BFCD63E7-716D-461F-82AA-B09B75C1B3D4}.Release|Any CPU.ActiveCfg = Release|Any CPU
		{BFCD63E7-716D-461F-82AA-B09B75C1B3D4}.Release|Any CPU.Build.0 = Release|Any CPU
		{AC98FACC-3C2C-47C4-8D42-490BEF0AA68A}.Debug|Any CPU.ActiveCfg = Debug|Any CPU
		{AC98FACC-3C2C-47C4-8D42-490BEF0AA68A}.Debug|Any CPU.Build.0 = Debug|Any CPU
		{AC98FACC-3C2C-47C4-8D42-490BEF0AA68A}.Release|Any CPU.ActiveCfg = Release|Any CPU
		{AC98FACC-3C2C-47C4-8D42-490BEF0AA68A}.Release|Any CPU.Build.0 = Release|Any CPU
		{45FAC724-76D1-4028-9320-3D1F1EA1A7DF}.Debug|Any CPU.ActiveCfg = Debug|Any CPU
		{45FAC724-76D1-4028-9320-3D1F1EA1A7DF}.Debug|Any CPU.Build.0 = Debug|Any CPU
		{45FAC724-76D1-4028-9320-3D1F1EA1A7DF}.Release|Any CPU.ActiveCfg = Release|Any CPU
		{45FAC724-76D1-4028-9320-3D1F1EA1A7DF}.Release|Any CPU.Build.0 = Release|Any CPU
		{44E58916-F40A-4348-AC18-77BE86C0D672}.Debug|Any CPU.ActiveCfg = Debug|Any CPU
		{44E58916-F40A-4348-AC18-77BE86C0D672}.Debug|Any CPU.Build.0 = Debug|Any CPU
		{44E58916-F40A-4348-AC18-77BE86C0D672}.Release|Any CPU.ActiveCfg = Release|Any CPU
		{44E58916-F40A-4348-AC18-77BE86C0D672}.Release|Any CPU.Build.0 = Release|Any CPU
		{B9D7402A-4938-480E-AE58-C5C8DCABC0B4}.Debug|Any CPU.ActiveCfg = Debug|Any CPU
		{B9D7402A-4938-480E-AE58-C5C8DCABC0B4}.Debug|Any CPU.Build.0 = Debug|Any CPU
		{B9D7402A-4938-480E-AE58-C5C8DCABC0B4}.Release|Any CPU.ActiveCfg = Release|Any CPU
		{B9D7402A-4938-480E-AE58-C5C8DCABC0B4}.Release|Any CPU.Build.0 = Release|Any CPU
		{5EA60AF8-2325-46DF-9C44-BD94F604B2F6}.Debug|Any CPU.ActiveCfg = Debug|Any CPU
		{5EA60AF8-2325-46DF-9C44-BD94F604B2F6}.Debug|Any CPU.Build.0 = Debug|Any CPU
		{5EA60AF8-2325-46DF-9C44-BD94F604B2F6}.Release|Any CPU.ActiveCfg = Release|Any CPU
		{5EA60AF8-2325-46DF-9C44-BD94F604B2F6}.Release|Any CPU.Build.0 = Release|Any CPU
		{F8CBBFB6-6312-4505-AA88-821E03942F0C}.Debug|Any CPU.ActiveCfg = Debug|Any CPU
		{F8CBBFB6-6312-4505-AA88-821E03942F0C}.Debug|Any CPU.Build.0 = Debug|Any CPU
		{F8CBBFB6-6312-4505-AA88-821E03942F0C}.Release|Any CPU.ActiveCfg = Release|Any CPU
		{F8CBBFB6-6312-4505-AA88-821E03942F0C}.Release|Any CPU.Build.0 = Release|Any CPU
		{E9FD5381-58BB-44F6-B9A6-33AEF1EA0F93}.Debug|Any CPU.ActiveCfg = Debug|Any CPU
		{E9FD5381-58BB-44F6-B9A6-33AEF1EA0F93}.Debug|Any CPU.Build.0 = Debug|Any CPU
		{E9FD5381-58BB-44F6-B9A6-33AEF1EA0F93}.Release|Any CPU.ActiveCfg = Release|Any CPU
		{E9FD5381-58BB-44F6-B9A6-33AEF1EA0F93}.Release|Any CPU.Build.0 = Release|Any CPU
	EndGlobalSection
	GlobalSection(SolutionProperties) = preSolution
		HideSolutionNode = FALSE
	EndGlobalSection
	GlobalSection(NestedProjects) = preSolution
		{AC98FACC-3C2C-47C4-8D42-490BEF0AA68A} = {275E05C9-C05C-4ADF-B061-7EFA12587572}
		{45FAC724-76D1-4028-9320-3D1F1EA1A7DF} = {275E05C9-C05C-4ADF-B061-7EFA12587572}
		{44E58916-F40A-4348-AC18-77BE86C0D672} = {A02FB4E7-237B-4893-B7C2-B55D0ADBD418}
		{B9D7402A-4938-480E-AE58-C5C8DCABC0B4} = {A02FB4E7-237B-4893-B7C2-B55D0ADBD418}
		{5EA60AF8-2325-46DF-9C44-BD94F604B2F6} = {A02FB4E7-237B-4893-B7C2-B55D0ADBD418}
		{F8CBBFB6-6312-4505-AA88-821E03942F0C} = {A02FB4E7-237B-4893-B7C2-B55D0ADBD418}
		{E9FD5381-58BB-44F6-B9A6-33AEF1EA0F93} = {A02FB4E7-237B-4893-B7C2-B55D0ADBD418}
	EndGlobalSection
	GlobalSection(ExtensibilityGlobals) = postSolution
		SolutionGuid = {445130A8-FDAE-4936-86AD-FAF27F792AC7}
	EndGlobalSection
EndGlobal
